// !$*UTF8*$!
{
	archiveVersion = 1;
	classes = {
	};
	objectVersion = 45;
	objects = {

/* Begin PBXBuildFile section */
		1D3623260D0F684500981E51 /* SouthparkAppDelegate.m in Sources */ = {isa = PBXBuildFile; fileRef = 1D3623250D0F684500981E51 /* SouthparkAppDelegate.m */; };
		1D60589B0D05DD56006BFB54 /* main.m in Sources */ = {isa = PBXBuildFile; fileRef = 29B97316FDCFA39411CA2CEA /* main.m */; };
		1D60589F0D05DD5A006BFB54 /* Foundation.framework in Frameworks */ = {isa = PBXBuildFile; fileRef = 1D30AB110D05D00D00671497 /* Foundation.framework */; };
		1DF5F4E00D08C38300B7A737 /* UIKit.framework in Frameworks */ = {isa = PBXBuildFile; fileRef = 1DF5F4DF0D08C38300B7A737 /* UIKit.framework */; };
		28216C970DB411BC00E5133A /* FirstViewController.m in Sources */ = {isa = PBXBuildFile; fileRef = 28216C960DB411BC00E5133A /* FirstViewController.m */; };
		282CCBFE0DB6C98000C4EA27 /* SecondView.xib in Resources */ = {isa = PBXBuildFile; fileRef = 282CCBFD0DB6C98000C4EA27 /* SecondView.xib */; };
		288765080DF74369002DB57D /* CoreGraphics.framework in Frameworks */ = {isa = PBXBuildFile; fileRef = 288765070DF74369002DB57D /* CoreGraphics.framework */; };
		28AD73880D9D96C1002E5188 /* MainWindow.xib in Resources */ = {isa = PBXBuildFile; fileRef = 28AD73870D9D96C1002E5188 /* MainWindow.xib */; };
		D9025FE51084BCD60045283D /* DwObjData.m in Sources */ = {isa = PBXBuildFile; fileRef = D9025FE41084BCD60045283D /* DwObjData.m */; };
		D90ABCD610834D9E00E2674D /* SQL.sqlite in Resources */ = {isa = PBXBuildFile; fileRef = D90ABCD510834D9E00E2674D /* SQL.sqlite */; };
		D921CE31108CA79400B50FA1 /* CancelDownload.png in Resources */ = {isa = PBXBuildFile; fileRef = D921CE2F108CA79400B50FA1 /* CancelDownload.png */; };
		D921CE32108CA79400B50FA1 /* StartDownload.png in Resources */ = {isa = PBXBuildFile; fileRef = D921CE30108CA79400B50FA1 /* StartDownload.png */; };
		D921CE6D108CABA700B50FA1 /* ASIAuthenticationDialog.m in Sources */ = {isa = PBXBuildFile; fileRef = D921CE62108CABA700B50FA1 /* ASIAuthenticationDialog.m */; };
		D921CE6E108CABA700B50FA1 /* ASIInputStream.m in Sources */ = {isa = PBXBuildFile; fileRef = D921CE64108CABA700B50FA1 /* ASIInputStream.m */; };
		D921CE6F108CABA700B50FA1 /* ASIFormDataRequest.m in Sources */ = {isa = PBXBuildFile; fileRef = D921CE66108CABA700B50FA1 /* ASIFormDataRequest.m */; };
		D921CE70108CABA700B50FA1 /* ASIHTTPRequest.m in Sources */ = {isa = PBXBuildFile; fileRef = D921CE68108CABA700B50FA1 /* ASIHTTPRequest.m */; };
		D921CE71108CABA700B50FA1 /* ASINetworkQueue.m in Sources */ = {isa = PBXBuildFile; fileRef = D921CE6A108CABA700B50FA1 /* ASINetworkQueue.m */; };
		D921CE72108CABA700B50FA1 /* ASINSStringAdditions.m in Sources */ = {isa = PBXBuildFile; fileRef = D921CE6C108CABA700B50FA1 /* ASINSStringAdditions.m */; };
		D9222020105EDB0700A5A980 /* RSS.m in Sources */ = {isa = PBXBuildFile; fileRef = D922201A105EDB0700A5A980 /* RSS.m */; };
		D9222021105EDB0700A5A980 /* FlickrItem.m in Sources */ = {isa = PBXBuildFile; fileRef = D922201E105EDB0700A5A980 /* FlickrItem.m */; };
		D9513A1210AC4F590016B12F /* libAdMobSimulator3_0.a in Frameworks */ = {isa = PBXBuildFile; fileRef = D9FE8A6010A307940048ADCD /* libAdMobSimulator3_0.a */; };
		D96C69881076128900F5FFA6 /* DWCell.m in Sources */ = {isa = PBXBuildFile; fileRef = D96C69871076128900F5FFA6 /* DWCell.m */; };
		D983703A105C2C5400943965 /* Reachability.m in Sources */ = {isa = PBXBuildFile; fileRef = D9837035105C2C5400943965 /* Reachability.m */; };
		D9837043105C2C7F00943965 /* FlickrCell.m in Sources */ = {isa = PBXBuildFile; fileRef = D983703D105C2C7F00943965 /* FlickrCell.m */; };
		D9837044105C2C7F00943965 /* FlickrController.m in Sources */ = {isa = PBXBuildFile; fileRef = D9837040105C2C7F00943965 /* FlickrController.m */; };
		D9837066105C2E3A00943965 /* CFNetwork.framework in Frameworks */ = {isa = PBXBuildFile; fileRef = D9837065105C2E3A00943965 /* CFNetwork.framework */; };
		D983706A105C2E4500943965 /* SystemConfiguration.framework in Frameworks */ = {isa = PBXBuildFile; fileRef = D9837069105C2E4500943965 /* SystemConfiguration.framework */; };
		D983706E105C2E5B00943965 /* libz.1.2.3.dylib in Frameworks */ = {isa = PBXBuildFile; fileRef = D983706D105C2E5B00943965 /* libz.1.2.3.dylib */; };
		D986A7D4109B194700D44F7A /* HTTPServer.m in Sources */ = {isa = PBXBuildFile; fileRef = D986A7C3109B194600D44F7A /* HTTPServer.m */; };
		D986A7D5109B194700D44F7A /* HTTPResponse.m in Sources */ = {isa = PBXBuildFile; fileRef = D986A7C5109B194600D44F7A /* HTTPResponse.m */; };
		D986A7D6109B194700D44F7A /* HTTPConnection.m in Sources */ = {isa = PBXBuildFile; fileRef = D986A7C7109B194600D44F7A /* HTTPConnection.m */; };
		D986A7D7109B194700D44F7A /* HTTPAuthenticationRequest.m in Sources */ = {isa = PBXBuildFile; fileRef = D986A7C9109B194600D44F7A /* HTTPAuthenticationRequest.m */; };
		D986A7D8109B194700D44F7A /* AsyncSocket.m in Sources */ = {isa = PBXBuildFile; fileRef = D986A7CC109B194600D44F7A /* AsyncSocket.m */; };
		D986A7D9109B194700D44F7A /* DDNumber.m in Sources */ = {isa = PBXBuildFile; fileRef = D986A7CF109B194600D44F7A /* DDNumber.m */; };
		D986A7DA109B194700D44F7A /* DDRange.m in Sources */ = {isa = PBXBuildFile; fileRef = D986A7D1109B194600D44F7A /* DDRange.m */; };
		D986A7DB109B194700D44F7A /* DDData.m in Sources */ = {isa = PBXBuildFile; fileRef = D986A7D3109B194700D44F7A /* DDData.m */; };
		D986A7E1109B197200D44F7A /* localhostAddresses.m in Sources */ = {isa = PBXBuildFile; fileRef = D986A7DE109B197200D44F7A /* localhostAddresses.m */; };
		D986A7E2109B197200D44F7A /* MyHTTPConnection.m in Sources */ = {isa = PBXBuildFile; fileRef = D986A7E0109B197200D44F7A /* MyHTTPConnection.m */; };
		D986A7FF109B1B0A00D44F7A /* ServerView.m in Sources */ = {isa = PBXBuildFile; fileRef = D986A7FD109B1B0A00D44F7A /* ServerView.m */; };
		D986A800109B1B0A00D44F7A /* ServerView.xib in Resources */ = {isa = PBXBuildFile; fileRef = D986A7FE109B1B0A00D44F7A /* ServerView.xib */; };
		D986A826109B1CCD00D44F7A /* MyIP.m in Sources */ = {isa = PBXBuildFile; fileRef = D986A825109B1CCD00D44F7A /* MyIP.m */; };
		D98956C7106BA0EB001E5E92 /* FilmView.m in Sources */ = {isa = PBXBuildFile; fileRef = D98956C5106BA0EB001E5E92 /* FilmView.m */; };
		D98956C8106BA0EB001E5E92 /* FilmView.xib in Resources */ = {isa = PBXBuildFile; fileRef = D98956C6106BA0EB001E5E92 /* FilmView.xib */; };
		D989571B106BAB6B001E5E92 /* Playnew.png in Resources */ = {isa = PBXBuildFile; fileRef = D989571A106BAB6B001E5E92 /* Playnew.png */; };
		D9895721106BAD23001E5E92 /* Default.png in Resources */ = {isa = PBXBuildFile; fileRef = D9895720106BAD23001E5E92 /* Default.png */; };
		D989573B106BB00E001E5E92 /* NSString+trim.m in Sources */ = {isa = PBXBuildFile; fileRef = D989573A106BB00E001E5E92 /* NSString+trim.m */; };
		D98957D8106BB94F001E5E92 /* NSObject+SBJSON.m in Sources */ = {isa = PBXBuildFile; fileRef = D98957CD106BB94F001E5E92 /* NSObject+SBJSON.m */; };
		D98957D9106BB94F001E5E92 /* NSString+SBJSON.m in Sources */ = {isa = PBXBuildFile; fileRef = D98957CF106BB94F001E5E92 /* NSString+SBJSON.m */; };
		D98957DA106BB94F001E5E92 /* SBJSON.m in Sources */ = {isa = PBXBuildFile; fileRef = D98957D1106BB94F001E5E92 /* SBJSON.m */; };
		D98957DB106BB94F001E5E92 /* SBJsonBase.m in Sources */ = {isa = PBXBuildFile; fileRef = D98957D3106BB94F001E5E92 /* SBJsonBase.m */; };
		D98957DC106BB94F001E5E92 /* SBJsonParser.m in Sources */ = {isa = PBXBuildFile; fileRef = D98957D5106BB94F001E5E92 /* SBJsonParser.m */; };
		D98957DD106BB94F001E5E92 /* SBJsonWriter.m in Sources */ = {isa = PBXBuildFile; fileRef = D98957D7106BB94F001E5E92 /* SBJsonWriter.m */; };
		D999F6D710690CF700773A0A /* MyMovieViewController.m in Sources */ = {isa = PBXBuildFile; fileRef = D999F6D610690CF700773A0A /* MyMovieViewController.m */; };
		D999F6DA10690D0000773A0A /* MyOverlayView.m in Sources */ = {isa = PBXBuildFile; fileRef = D999F6D910690D0000773A0A /* MyOverlayView.m */; };
		D999F6E710690DD900773A0A /* MediaPlayer.framework in Frameworks */ = {isa = PBXBuildFile; fileRef = D999F6E610690DD900773A0A /* MediaPlayer.framework */; };
		D9BE3C121067A35200191D80 /* SeasonItem.m in Sources */ = {isa = PBXBuildFile; fileRef = D9BE3C111067A35200191D80 /* SeasonItem.m */; };
		D9BE3C181067A46200191D80 /* SeasonCell.m in Sources */ = {isa = PBXBuildFile; fileRef = D9BE3C171067A46200191D80 /* SeasonCell.m */; };
		D9BE3C1B1067A70F00191D80 /* SeasonsController.m in Sources */ = {isa = PBXBuildFile; fileRef = D9BE3C1A1067A70F00191D80 /* SeasonsController.m */; };
		D9E707D4107B7727000C8DDD /* DWCell.xib in Resources */ = {isa = PBXBuildFile; fileRef = D9E707D3107B7727000C8DDD /* DWCell.xib */; };
		D9E707D9107B78A6000C8DDD /* DWTable.m in Sources */ = {isa = PBXBuildFile; fileRef = D9E707D8107B78A6000C8DDD /* DWTable.m */; };
		D9E707F4107B79BD000C8DDD /* Coffee.m in Sources */ = {isa = PBXBuildFile; fileRef = D9E707F3107B79BD000C8DDD /* Coffee.m */; };
		D9E7085B107B7A68000C8DDD /* libsqlite3.0.dylib in Frameworks */ = {isa = PBXBuildFile; fileRef = D9E7085A107B7A68000C8DDD /* libsqlite3.0.dylib */; };
		D9FE8AD310A313F70048ADCD /* QuartzCore.framework in Frameworks */ = {isa = PBXBuildFile; fileRef = D9FE8AD210A313F70048ADCD /* QuartzCore.framework */; };
		D9FE8AD910A3140C0048ADCD /* AddressBook.framework in Frameworks */ = {isa = PBXBuildFile; fileRef = D9FE8AD810A3140C0048ADCD /* AddressBook.framework */; };
		D9FE8ADF10A314240048ADCD /* CoreLocation.framework in Frameworks */ = {isa = PBXBuildFile; fileRef = D9FE8ADE10A314240048ADCD /* CoreLocation.framework */; };
		D9FE8AE510A3146C0048ADCD /* AudioToolbox.framework in Frameworks */ = {isa = PBXBuildFile; fileRef = D9FE8AE410A3146C0048ADCD /* AudioToolbox.framework */; };
		D9FE8AFB10A3153E0048ADCD /* MessageUI.framework in Frameworks */ = {isa = PBXBuildFile; fileRef = D9FE8AFA10A3153E0048ADCD /* MessageUI.framework */; };
/* End PBXBuildFile section */

/* Begin PBXFileReference section */
		1D30AB110D05D00D00671497 /* Foundation.framework */ = {isa = PBXFileReference; lastKnownFileType = wrapper.framework; name = Foundation.framework; path = System/Library/Frameworks/Foundation.framework; sourceTree = SDKROOT; };
		1D3623240D0F684500981E51 /* SouthparkAppDelegate.h */ = {isa = PBXFileReference; fileEncoding = 4; lastKnownFileType = sourcecode.c.h; path = SouthparkAppDelegate.h; sourceTree = "<group>"; };
		1D3623250D0F684500981E51 /* SouthparkAppDelegate.m */ = {isa = PBXFileReference; fileEncoding = 4; lastKnownFileType = sourcecode.c.objc; path = SouthparkAppDelegate.m; sourceTree = "<group>"; };
		1D6058910D05DD3D006BFB54 /* Southpark.app */ = {isa = PBXFileReference; explicitFileType = wrapper.application; includeInIndex = 0; path = Southpark.app; sourceTree = BUILT_PRODUCTS_DIR; };
		1DF5F4DF0D08C38300B7A737 /* UIKit.framework */ = {isa = PBXFileReference; lastKnownFileType = wrapper.framework; name = UIKit.framework; path = System/Library/Frameworks/UIKit.framework; sourceTree = SDKROOT; };
		28216C950DB411BC00E5133A /* FirstViewController.h */ = {isa = PBXFileReference; fileEncoding = 4; lastKnownFileType = sourcecode.c.h; path = FirstViewController.h; sourceTree = "<group>"; };
		28216C960DB411BC00E5133A /* FirstViewController.m */ = {isa = PBXFileReference; fileEncoding = 4; lastKnownFileType = sourcecode.c.objc; path = FirstViewController.m; sourceTree = "<group>"; };
		282CCBFD0DB6C98000C4EA27 /* SecondView.xib */ = {isa = PBXFileReference; lastKnownFileType = file.xib; path = SecondView.xib; sourceTree = "<group>"; };
		288765070DF74369002DB57D /* CoreGraphics.framework */ = {isa = PBXFileReference; lastKnownFileType = wrapper.framework; name = CoreGraphics.framework; path = System/Library/Frameworks/CoreGraphics.framework; sourceTree = SDKROOT; };
		28A0AB4B0D9B1048005BE974 /* Southpark_Prefix.pch */ = {isa = PBXFileReference; fileEncoding = 4; lastKnownFileType = sourcecode.c.h; path = Southpark_Prefix.pch; sourceTree = "<group>"; };
		28AD73870D9D96C1002E5188 /* MainWindow.xib */ = {isa = PBXFileReference; lastKnownFileType = file.xib; path = MainWindow.xib; sourceTree = "<group>"; };
		29B97316FDCFA39411CA2CEA /* main.m */ = {isa = PBXFileReference; fileEncoding = 4; lastKnownFileType = sourcecode.c.objc; path = main.m; sourceTree = "<group>"; };
		8D1107310486CEB800E47090 /* Southpark-Info.plist */ = {isa = PBXFileReference; fileEncoding = 4; lastKnownFileType = text.plist.xml; path = "Southpark-Info.plist"; plistStructureDefinitionIdentifier = "com.apple.xcode.plist.structure-definition.iphone.info-plist"; sourceTree = "<group>"; };
		D9025FE31084BCD60045283D /* DwObjData.h */ = {isa = PBXFileReference; fileEncoding = 4; lastKnownFileType = sourcecode.c.h; path = DwObjData.h; sourceTree = "<group>"; };
		D9025FE41084BCD60045283D /* DwObjData.m */ = {isa = PBXFileReference; fileEncoding = 4; lastKnownFileType = sourcecode.c.objc; path = DwObjData.m; sourceTree = "<group>"; };
		D90ABCD510834D9E00E2674D /* SQL.sqlite */ = {isa = PBXFileReference; lastKnownFileType = file; path = SQL.sqlite; sourceTree = "<group>"; };
		D921CE2F108CA79400B50FA1 /* CancelDownload.png */ = {isa = PBXFileReference; lastKnownFileType = image.png; path = CancelDownload.png; sourceTree = "<group>"; };
		D921CE30108CA79400B50FA1 /* StartDownload.png */ = {isa = PBXFileReference; lastKnownFileType = image.png; path = StartDownload.png; sourceTree = "<group>"; };
		D921CE61108CABA700B50FA1 /* ASIAuthenticationDialog.h */ = {isa = PBXFileReference; fileEncoding = 4; lastKnownFileType = sourcecode.c.h; path = ASIAuthenticationDialog.h; sourceTree = "<group>"; };
		D921CE62108CABA700B50FA1 /* ASIAuthenticationDialog.m */ = {isa = PBXFileReference; fileEncoding = 4; lastKnownFileType = sourcecode.c.objc; path = ASIAuthenticationDialog.m; sourceTree = "<group>"; };
		D921CE63108CABA700B50FA1 /* ASIInputStream.h */ = {isa = PBXFileReference; fileEncoding = 4; lastKnownFileType = sourcecode.c.h; path = ASIInputStream.h; sourceTree = "<group>"; };
		D921CE64108CABA700B50FA1 /* ASIInputStream.m */ = {isa = PBXFileReference; fileEncoding = 4; lastKnownFileType = sourcecode.c.objc; path = ASIInputStream.m; sourceTree = "<group>"; };
		D921CE65108CABA700B50FA1 /* ASIFormDataRequest.h */ = {isa = PBXFileReference; fileEncoding = 4; lastKnownFileType = sourcecode.c.h; path = ASIFormDataRequest.h; sourceTree = "<group>"; };
		D921CE66108CABA700B50FA1 /* ASIFormDataRequest.m */ = {isa = PBXFileReference; fileEncoding = 4; lastKnownFileType = sourcecode.c.objc; path = ASIFormDataRequest.m; sourceTree = "<group>"; };
		D921CE67108CABA700B50FA1 /* ASIHTTPRequest.h */ = {isa = PBXFileReference; fileEncoding = 4; lastKnownFileType = sourcecode.c.h; path = ASIHTTPRequest.h; sourceTree = "<group>"; };
		D921CE68108CABA700B50FA1 /* ASIHTTPRequest.m */ = {isa = PBXFileReference; fileEncoding = 4; lastKnownFileType = sourcecode.c.objc; path = ASIHTTPRequest.m; sourceTree = "<group>"; };
		D921CE69108CABA700B50FA1 /* ASINetworkQueue.h */ = {isa = PBXFileReference; fileEncoding = 4; lastKnownFileType = sourcecode.c.h; path = ASINetworkQueue.h; sourceTree = "<group>"; };
		D921CE6A108CABA700B50FA1 /* ASINetworkQueue.m */ = {isa = PBXFileReference; fileEncoding = 4; lastKnownFileType = sourcecode.c.objc; path = ASINetworkQueue.m; sourceTree = "<group>"; };
		D921CE6B108CABA700B50FA1 /* ASINSStringAdditions.h */ = {isa = PBXFileReference; fileEncoding = 4; lastKnownFileType = sourcecode.c.h; path = ASINSStringAdditions.h; sourceTree = "<group>"; };
		D921CE6C108CABA700B50FA1 /* ASINSStringAdditions.m */ = {isa = PBXFileReference; fileEncoding = 4; lastKnownFileType = sourcecode.c.objc; path = ASINSStringAdditions.m; sourceTree = "<group>"; };
		D9222019105EDB0700A5A980 /* RSS.h */ = {isa = PBXFileReference; fileEncoding = 4; lastKnownFileType = sourcecode.c.h; path = RSS.h; sourceTree = "<group>"; };
		D922201A105EDB0700A5A980 /* RSS.m */ = {isa = PBXFileReference; fileEncoding = 4; lastKnownFileType = sourcecode.c.objc; path = RSS.m; sourceTree = "<group>"; };
		D922201B105EDB0700A5A980 /* RSSDelegate.h */ = {isa = PBXFileReference; fileEncoding = 4; lastKnownFileType = sourcecode.c.h; path = RSSDelegate.h; sourceTree = "<group>"; };
		D922201D105EDB0700A5A980 /* FlickrItem.h */ = {isa = PBXFileReference; fileEncoding = 4; lastKnownFileType = sourcecode.c.h; path = FlickrItem.h; sourceTree = "<group>"; };
		D922201E105EDB0700A5A980 /* FlickrItem.m */ = {isa = PBXFileReference; fileEncoding = 4; lastKnownFileType = sourcecode.c.objc; path = FlickrItem.m; sourceTree = "<group>"; };
		D922201F105EDB0700A5A980 /* FlickrItemDelegate.h */ = {isa = PBXFileReference; fileEncoding = 4; lastKnownFileType = sourcecode.c.h; path = FlickrItemDelegate.h; sourceTree = "<group>"; };
		D96C69861076128900F5FFA6 /* DWCell.h */ = {isa = PBXFileReference; fileEncoding = 4; lastKnownFileType = sourcecode.c.h; path = DWCell.h; sourceTree = "<group>"; };
		D96C69871076128900F5FFA6 /* DWCell.m */ = {isa = PBXFileReference; fileEncoding = 4; lastKnownFileType = sourcecode.c.objc; path = DWCell.m; sourceTree = "<group>"; };
		D9837034105C2C5400943965 /* Reachability.h */ = {isa = PBXFileReference; fileEncoding = 4; lastKnownFileType = sourcecode.c.h; path = Reachability.h; sourceTree = "<group>"; };
		D9837035105C2C5400943965 /* Reachability.m */ = {isa = PBXFileReference; fileEncoding = 4; lastKnownFileType = sourcecode.c.objc; path = Reachability.m; sourceTree = "<group>"; };
		D983703C105C2C7F00943965 /* FlickrCell.h */ = {isa = PBXFileReference; fileEncoding = 4; lastKnownFileType = sourcecode.c.h; path = FlickrCell.h; sourceTree = "<group>"; };
		D983703D105C2C7F00943965 /* FlickrCell.m */ = {isa = PBXFileReference; fileEncoding = 4; lastKnownFileType = sourcecode.c.objc; path = FlickrCell.m; sourceTree = "<group>"; };
		D983703E105C2C7F00943965 /* FlickrCellDelegate.h */ = {isa = PBXFileReference; fileEncoding = 4; lastKnownFileType = sourcecode.c.h; path = FlickrCellDelegate.h; sourceTree = "<group>"; };
		D983703F105C2C7F00943965 /* FlickrController.h */ = {isa = PBXFileReference; fileEncoding = 4; lastKnownFileType = sourcecode.c.h; path = FlickrController.h; sourceTree = "<group>"; };
		D9837040105C2C7F00943965 /* FlickrController.m */ = {isa = PBXFileReference; fileEncoding = 4; lastKnownFileType = sourcecode.c.objc; path = FlickrController.m; sourceTree = "<group>"; };
		D9837065105C2E3A00943965 /* CFNetwork.framework */ = {isa = PBXFileReference; lastKnownFileType = wrapper.framework; name = CFNetwork.framework; path = System/Library/Frameworks/CFNetwork.framework; sourceTree = SDKROOT; };
		D9837069105C2E4500943965 /* SystemConfiguration.framework */ = {isa = PBXFileReference; lastKnownFileType = wrapper.framework; name = SystemConfiguration.framework; path = System/Library/Frameworks/SystemConfiguration.framework; sourceTree = SDKROOT; };
		D983706D105C2E5B00943965 /* libz.1.2.3.dylib */ = {isa = PBXFileReference; lastKnownFileType = "compiled.mach-o.dylib"; name = libz.1.2.3.dylib; path = usr/lib/libz.1.2.3.dylib; sourceTree = SDKROOT; };
		D986A7C2109B194600D44F7A /* HTTPServer.h */ = {isa = PBXFileReference; fileEncoding = 4; lastKnownFileType = sourcecode.c.h; path = HTTPServer.h; sourceTree = "<group>"; };
		D986A7C3109B194600D44F7A /* HTTPServer.m */ = {isa = PBXFileReference; fileEncoding = 4; lastKnownFileType = sourcecode.c.objc; path = HTTPServer.m; sourceTree = "<group>"; };
		D986A7C4109B194600D44F7A /* HTTPResponse.h */ = {isa = PBXFileReference; fileEncoding = 4; lastKnownFileType = sourcecode.c.h; path = HTTPResponse.h; sourceTree = "<group>"; };
		D986A7C5109B194600D44F7A /* HTTPResponse.m */ = {isa = PBXFileReference; fileEncoding = 4; lastKnownFileType = sourcecode.c.objc; path = HTTPResponse.m; sourceTree = "<group>"; };
		D986A7C6109B194600D44F7A /* HTTPConnection.h */ = {isa = PBXFileReference; fileEncoding = 4; lastKnownFileType = sourcecode.c.h; path = HTTPConnection.h; sourceTree = "<group>"; };
		D986A7C7109B194600D44F7A /* HTTPConnection.m */ = {isa = PBXFileReference; fileEncoding = 4; lastKnownFileType = sourcecode.c.objc; path = HTTPConnection.m; sourceTree = "<group>"; };
		D986A7C8109B194600D44F7A /* HTTPAuthenticationRequest.h */ = {isa = PBXFileReference; fileEncoding = 4; lastKnownFileType = sourcecode.c.h; path = HTTPAuthenticationRequest.h; sourceTree = "<group>"; };
		D986A7C9109B194600D44F7A /* HTTPAuthenticationRequest.m */ = {isa = PBXFileReference; fileEncoding = 4; lastKnownFileType = sourcecode.c.objc; path = HTTPAuthenticationRequest.m; sourceTree = "<group>"; };
		D986A7CB109B194600D44F7A /* AsyncSocket.h */ = {isa = PBXFileReference; fileEncoding = 4; lastKnownFileType = sourcecode.c.h; path = AsyncSocket.h; sourceTree = "<group>"; };
		D986A7CC109B194600D44F7A /* AsyncSocket.m */ = {isa = PBXFileReference; fileEncoding = 4; lastKnownFileType = sourcecode.c.objc; path = AsyncSocket.m; sourceTree = "<group>"; };
		D986A7CE109B194600D44F7A /* DDNumber.h */ = {isa = PBXFileReference; fileEncoding = 4; lastKnownFileType = sourcecode.c.h; path = DDNumber.h; sourceTree = "<group>"; };
		D986A7CF109B194600D44F7A /* DDNumber.m */ = {isa = PBXFileReference; fileEncoding = 4; lastKnownFileType = sourcecode.c.objc; path = DDNumber.m; sourceTree = "<group>"; };
		D986A7D0109B194600D44F7A /* DDRange.h */ = {isa = PBXFileReference; fileEncoding = 4; lastKnownFileType = sourcecode.c.h; path = DDRange.h; sourceTree = "<group>"; };
		D986A7D1109B194600D44F7A /* DDRange.m */ = {isa = PBXFileReference; fileEncoding = 4; lastKnownFileType = sourcecode.c.objc; path = DDRange.m; sourceTree = "<group>"; };
		D986A7D2109B194700D44F7A /* DDData.h */ = {isa = PBXFileReference; fileEncoding = 4; lastKnownFileType = sourcecode.c.h; path = DDData.h; sourceTree = "<group>"; };
		D986A7D3109B194700D44F7A /* DDData.m */ = {isa = PBXFileReference; fileEncoding = 4; lastKnownFileType = sourcecode.c.objc; path = DDData.m; sourceTree = "<group>"; };
		D986A7DD109B197200D44F7A /* localhostAddresses.h */ = {isa = PBXFileReference; fileEncoding = 4; lastKnownFileType = sourcecode.c.h; path = localhostAddresses.h; sourceTree = "<group>"; };
		D986A7DE109B197200D44F7A /* localhostAddresses.m */ = {isa = PBXFileReference; fileEncoding = 4; lastKnownFileType = sourcecode.c.objc; path = localhostAddresses.m; sourceTree = "<group>"; };
		D986A7DF109B197200D44F7A /* MyHTTPConnection.h */ = {isa = PBXFileReference; fileEncoding = 4; lastKnownFileType = sourcecode.c.h; path = MyHTTPConnection.h; sourceTree = "<group>"; };
		D986A7E0109B197200D44F7A /* MyHTTPConnection.m */ = {isa = PBXFileReference; fileEncoding = 4; lastKnownFileType = sourcecode.c.objc; path = MyHTTPConnection.m; sourceTree = "<group>"; };
		D986A7FC109B1B0A00D44F7A /* ServerView.h */ = {isa = PBXFileReference; fileEncoding = 4; lastKnownFileType = sourcecode.c.h; path = ServerView.h; sourceTree = "<group>"; };
		D986A7FD109B1B0A00D44F7A /* ServerView.m */ = {isa = PBXFileReference; fileEncoding = 4; lastKnownFileType = sourcecode.c.objc; path = ServerView.m; sourceTree = "<group>"; };
		D986A7FE109B1B0A00D44F7A /* ServerView.xib */ = {isa = PBXFileReference; lastKnownFileType = file.xib; name = ServerView.xib; path = Classes/ServerView.xib; sourceTree = "<group>"; };
		D986A824109B1CCD00D44F7A /* MyIP.h */ = {isa = PBXFileReference; fileEncoding = 4; lastKnownFileType = sourcecode.c.h; path = MyIP.h; sourceTree = "<group>"; };
		D986A825109B1CCD00D44F7A /* MyIP.m */ = {isa = PBXFileReference; fileEncoding = 4; lastKnownFileType = sourcecode.c.objc; path = MyIP.m; sourceTree = "<group>"; };
		D98956C4106BA0EB001E5E92 /* FilmView.h */ = {isa = PBXFileReference; fileEncoding = 4; lastKnownFileType = sourcecode.c.h; path = FilmView.h; sourceTree = "<group>"; };
		D98956C5106BA0EB001E5E92 /* FilmView.m */ = {isa = PBXFileReference; fileEncoding = 4; lastKnownFileType = sourcecode.c.objc; path = FilmView.m; sourceTree = "<group>"; };
		D98956C6106BA0EB001E5E92 /* FilmView.xib */ = {isa = PBXFileReference; lastKnownFileType = file.xib; name = FilmView.xib; path = Classes/Controllers/FilmView.xib; sourceTree = "<group>"; };
		D989571A106BAB6B001E5E92 /* Playnew.png */ = {isa = PBXFileReference; lastKnownFileType = image.png; path = Playnew.png; sourceTree = "<group>"; };
		D9895720106BAD23001E5E92 /* Default.png */ = {isa = PBXFileReference; lastKnownFileType = image.png; path = Default.png; sourceTree = "<group>"; };
		D9895739106BB00E001E5E92 /* NSString+trim.h */ = {isa = PBXFileReference; fileEncoding = 4; lastKnownFileType = sourcecode.c.h; path = "NSString+trim.h"; sourceTree = "<group>"; };
		D989573A106BB00E001E5E92 /* NSString+trim.m */ = {isa = PBXFileReference; fileEncoding = 4; lastKnownFileType = sourcecode.c.objc; path = "NSString+trim.m"; sourceTree = "<group>"; };
		D98957CB106BB94F001E5E92 /* JSON.h */ = {isa = PBXFileReference; fileEncoding = 4; lastKnownFileType = sourcecode.c.h; path = JSON.h; sourceTree = "<group>"; };
		D98957CC106BB94F001E5E92 /* NSObject+SBJSON.h */ = {isa = PBXFileReference; fileEncoding = 4; lastKnownFileType = sourcecode.c.h; path = "NSObject+SBJSON.h"; sourceTree = "<group>"; };
		D98957CD106BB94F001E5E92 /* NSObject+SBJSON.m */ = {isa = PBXFileReference; fileEncoding = 4; lastKnownFileType = sourcecode.c.objc; path = "NSObject+SBJSON.m"; sourceTree = "<group>"; };
		D98957CE106BB94F001E5E92 /* NSString+SBJSON.h */ = {isa = PBXFileReference; fileEncoding = 4; lastKnownFileType = sourcecode.c.h; path = "NSString+SBJSON.h"; sourceTree = "<group>"; };
		D98957CF106BB94F001E5E92 /* NSString+SBJSON.m */ = {isa = PBXFileReference; fileEncoding = 4; lastKnownFileType = sourcecode.c.objc; path = "NSString+SBJSON.m"; sourceTree = "<group>"; };
		D98957D0106BB94F001E5E92 /* SBJSON.h */ = {isa = PBXFileReference; fileEncoding = 4; lastKnownFileType = sourcecode.c.h; path = SBJSON.h; sourceTree = "<group>"; };
		D98957D1106BB94F001E5E92 /* SBJSON.m */ = {isa = PBXFileReference; fileEncoding = 4; lastKnownFileType = sourcecode.c.objc; path = SBJSON.m; sourceTree = "<group>"; };
		D98957D2106BB94F001E5E92 /* SBJsonBase.h */ = {isa = PBXFileReference; fileEncoding = 4; lastKnownFileType = sourcecode.c.h; path = SBJsonBase.h; sourceTree = "<group>"; };
		D98957D3106BB94F001E5E92 /* SBJsonBase.m */ = {isa = PBXFileReference; fileEncoding = 4; lastKnownFileType = sourcecode.c.objc; path = SBJsonBase.m; sourceTree = "<group>"; };
		D98957D4106BB94F001E5E92 /* SBJsonParser.h */ = {isa = PBXFileReference; fileEncoding = 4; lastKnownFileType = sourcecode.c.h; path = SBJsonParser.h; sourceTree = "<group>"; };
		D98957D5106BB94F001E5E92 /* SBJsonParser.m */ = {isa = PBXFileReference; fileEncoding = 4; lastKnownFileType = sourcecode.c.objc; path = SBJsonParser.m; sourceTree = "<group>"; };
		D98957D6106BB94F001E5E92 /* SBJsonWriter.h */ = {isa = PBXFileReference; fileEncoding = 4; lastKnownFileType = sourcecode.c.h; path = SBJsonWriter.h; sourceTree = "<group>"; };
		D98957D7106BB94F001E5E92 /* SBJsonWriter.m */ = {isa = PBXFileReference; fileEncoding = 4; lastKnownFileType = sourcecode.c.objc; path = SBJsonWriter.m; sourceTree = "<group>"; };
		D999F6D510690CF700773A0A /* MyMovieViewController.h */ = {isa = PBXFileReference; fileEncoding = 4; lastKnownFileType = sourcecode.c.h; path = MyMovieViewController.h; sourceTree = "<group>"; };
		D999F6D610690CF700773A0A /* MyMovieViewController.m */ = {isa = PBXFileReference; fileEncoding = 4; lastKnownFileType = sourcecode.c.objc; path = MyMovieViewController.m; sourceTree = "<group>"; };
		D999F6D810690D0000773A0A /* MyOverlayView.h */ = {isa = PBXFileReference; fileEncoding = 4; lastKnownFileType = sourcecode.c.h; path = MyOverlayView.h; sourceTree = "<group>"; };
		D999F6D910690D0000773A0A /* MyOverlayView.m */ = {isa = PBXFileReference; fileEncoding = 4; lastKnownFileType = sourcecode.c.objc; path = MyOverlayView.m; sourceTree = "<group>"; };
		D999F6E610690DD900773A0A /* MediaPlayer.framework */ = {isa = PBXFileReference; lastKnownFileType = wrapper.framework; name = MediaPlayer.framework; path = System/Library/Frameworks/MediaPlayer.framework; sourceTree = SDKROOT; };
		D9BE3C101067A35200191D80 /* SeasonItem.h */ = {isa = PBXFileReference; fileEncoding = 4; lastKnownFileType = sourcecode.c.h; path = SeasonItem.h; sourceTree = "<group>"; };
		D9BE3C111067A35200191D80 /* SeasonItem.m */ = {isa = PBXFileReference; fileEncoding = 4; lastKnownFileType = sourcecode.c.objc; path = SeasonItem.m; sourceTree = "<group>"; };
		D9BE3C161067A46200191D80 /* SeasonCell.h */ = {isa = PBXFileReference; fileEncoding = 4; lastKnownFileType = sourcecode.c.h; path = SeasonCell.h; sourceTree = "<group>"; };
		D9BE3C171067A46200191D80 /* SeasonCell.m */ = {isa = PBXFileReference; fileEncoding = 4; lastKnownFileType = sourcecode.c.objc; path = SeasonCell.m; sourceTree = "<group>"; };
		D9BE3C191067A70F00191D80 /* SeasonsController.h */ = {isa = PBXFileReference; fileEncoding = 4; lastKnownFileType = sourcecode.c.h; path = SeasonsController.h; sourceTree = "<group>"; };
		D9BE3C1A1067A70F00191D80 /* SeasonsController.m */ = {isa = PBXFileReference; fileEncoding = 4; lastKnownFileType = sourcecode.c.objc; path = SeasonsController.m; sourceTree = "<group>"; };
		D9BE3C271067A93800191D80 /* SeasonCellDelegate.h */ = {isa = PBXFileReference; fileEncoding = 4; lastKnownFileType = sourcecode.c.h; path = SeasonCellDelegate.h; sourceTree = "<group>"; };
		D9BE3C3A1067AAC200191D80 /* SeasonItemDelegate.h */ = {isa = PBXFileReference; fileEncoding = 4; lastKnownFileType = sourcecode.c.h; path = SeasonItemDelegate.h; sourceTree = "<group>"; };
		D9E707D3107B7727000C8DDD /* DWCell.xib */ = {isa = PBXFileReference; lastKnownFileType = file.xib; path = DWCell.xib; sourceTree = "<group>"; };
		D9E707D7107B78A6000C8DDD /* DWTable.h */ = {isa = PBXFileReference; fileEncoding = 4; lastKnownFileType = sourcecode.c.h; path = DWTable.h; sourceTree = "<group>"; };
		D9E707D8107B78A6000C8DDD /* DWTable.m */ = {isa = PBXFileReference; fileEncoding = 4; lastKnownFileType = sourcecode.c.objc; path = DWTable.m; sourceTree = "<group>"; };
		D9E707F2107B79BD000C8DDD /* Coffee.h */ = {isa = PBXFileReference; fileEncoding = 4; lastKnownFileType = sourcecode.c.h; path = Coffee.h; sourceTree = "<group>"; };
		D9E707F3107B79BD000C8DDD /* Coffee.m */ = {isa = PBXFileReference; fileEncoding = 4; lastKnownFileType = sourcecode.c.objc; path = Coffee.m; sourceTree = "<group>"; };
		D9E7085A107B7A68000C8DDD /* libsqlite3.0.dylib */ = {isa = PBXFileReference; lastKnownFileType = "compiled.mach-o.dylib"; name = libsqlite3.0.dylib; path = usr/lib/libsqlite3.0.dylib; sourceTree = SDKROOT; };
		D9FE8A5A10A307800048ADCD /* AdMobView.h */ = {isa = PBXFileReference; fileEncoding = 4; lastKnownFileType = sourcecode.c.h; path = AdMobView.h; sourceTree = "<group>"; };
		D9FE8A6010A307940048ADCD /* libAdMobSimulator3_0.a */ = {isa = PBXFileReference; lastKnownFileType = archive.ar; name = libAdMobSimulator3_0.a; path = Classes/libAdMobSimulator3_0.a; sourceTree = "<group>"; };
		D9FE8AB710A313550048ADCD /* libAdMobDevice.a */ = {isa = PBXFileReference; lastKnownFileType = archive.ar; path = libAdMobDevice.a; sourceTree = "<group>"; };
		D9FE8AB810A313550048ADCD /* libAdMobSimulator.a */ = {isa = PBXFileReference; lastKnownFileType = archive.ar; path = libAdMobSimulator.a; sourceTree = "<group>"; };
		D9FE8AD210A313F70048ADCD /* QuartzCore.framework */ = {isa = PBXFileReference; lastKnownFileType = wrapper.framework; name = QuartzCore.framework; path = System/Library/Frameworks/QuartzCore.framework; sourceTree = SDKROOT; };
		D9FE8AD810A3140C0048ADCD /* AddressBook.framework */ = {isa = PBXFileReference; lastKnownFileType = wrapper.framework; name = AddressBook.framework; path = System/Library/Frameworks/AddressBook.framework; sourceTree = SDKROOT; };
		D9FE8ADE10A314240048ADCD /* CoreLocation.framework */ = {isa = PBXFileReference; lastKnownFileType = wrapper.framework; name = CoreLocation.framework; path = System/Library/Frameworks/CoreLocation.framework; sourceTree = SDKROOT; };
		D9FE8AE410A3146C0048ADCD /* AudioToolbox.framework */ = {isa = PBXFileReference; lastKnownFileType = wrapper.framework; name = AudioToolbox.framework; path = System/Library/Frameworks/AudioToolbox.framework; sourceTree = SDKROOT; };
		D9FE8AFA10A3153E0048ADCD /* MessageUI.framework */ = {isa = PBXFileReference; lastKnownFileType = wrapper.framework; name = MessageUI.framework; path = System/Library/Frameworks/MessageUI.framework; sourceTree = SDKROOT; };
		D9FE8B0210A315E30048ADCD /* AdMobDelegateProtocol.h */ = {isa = PBXFileReference; fileEncoding = 4; lastKnownFileType = sourcecode.c.h; path = AdMobDelegateProtocol.h; sourceTree = "<group>"; };
/* End PBXFileReference section */

/* Begin PBXFrameworksBuildPhase section */
		1D60588F0D05DD3D006BFB54 /* Frameworks */ = {
			isa = PBXFrameworksBuildPhase;
			buildActionMask = 2147483647;
			files = (
				D9513A1210AC4F590016B12F /* libAdMobSimulator3_0.a in Frameworks */,
				1D60589F0D05DD5A006BFB54 /* Foundation.framework in Frameworks */,
				1DF5F4E00D08C38300B7A737 /* UIKit.framework in Frameworks */,
				288765080DF74369002DB57D /* CoreGraphics.framework in Frameworks */,
				D9837066105C2E3A00943965 /* CFNetwork.framework in Frameworks */,
				D983706A105C2E4500943965 /* SystemConfiguration.framework in Frameworks */,
				D983706E105C2E5B00943965 /* libz.1.2.3.dylib in Frameworks */,
				D999F6E710690DD900773A0A /* MediaPlayer.framework in Frameworks */,
				D9E7085B107B7A68000C8DDD /* libsqlite3.0.dylib in Frameworks */,
				D9FE8AD310A313F70048ADCD /* QuartzCore.framework in Frameworks */,
				D9FE8AD910A3140C0048ADCD /* AddressBook.framework in Frameworks */,
				D9FE8ADF10A314240048ADCD /* CoreLocation.framework in Frameworks */,
				D9FE8AE510A3146C0048ADCD /* AudioToolbox.framework in Frameworks */,
				D9FE8AFB10A3153E0048ADCD /* MessageUI.framework in Frameworks */,
			);
			runOnlyForDeploymentPostprocessing = 0;
		};
/* End PBXFrameworksBuildPhase section */

/* Begin PBXGroup section */
		080E96DDFE201D6D7F000001 /* Classes */ = {
			isa = PBXGroup;
			children = (
				D9FE8A5810A307800048ADCD /* AdMob */,
				D986A7DC109B196200D44F7A /* Server */,
				D986A7CD109B194600D44F7A /* Categories */,
				D986A7CA109B194600D44F7A /* TCP */,
				D986A7C1109B194600D44F7A /* HTTP */,
				D999F6D410690CDF00773A0A /* Player */,
				D9222018105EDB0700A5A980 /* Helpers */,
				D922201C105EDB0700A5A980 /* Models */,
				D983703B105C2C7F00943965 /* Controllers */,
				D9837029105C2C5400943965 /* Externals */,
				28216C950DB411BC00E5133A /* FirstViewController.h */,
				28216C960DB411BC00E5133A /* FirstViewController.m */,
				1D3623240D0F684500981E51 /* SouthparkAppDelegate.h */,
				1D3623250D0F684500981E51 /* SouthparkAppDelegate.m */,
				D986A7FC109B1B0A00D44F7A /* ServerView.h */,
				D986A7FD109B1B0A00D44F7A /* ServerView.m */,
			);
			path = Classes;
			sourceTree = "<group>";
		};
		19C28FACFE9D520D11CA2CBB /* Products */ = {
			isa = PBXGroup;
			children = (
				1D6058910D05DD3D006BFB54 /* Southpark.app */,
			);
			name = Products;
			sourceTree = "<group>";
		};
		29B97314FDCFA39411CA2CEA /* Southpark */ = {
			isa = PBXGroup;
			children = (
				080E96DDFE201D6D7F000001 /* Classes */,
				29B97315FDCFA39411CA2CEA /* Other Sources */,
				29B97317FDCFA39411CA2CEA /* Resources */,
				29B97323FDCFA39411CA2CEA /* Frameworks */,
				19C28FACFE9D520D11CA2CBB /* Products */,
				D9837065105C2E3A00943965 /* CFNetwork.framework */,
				D9837069105C2E4500943965 /* SystemConfiguration.framework */,
				D983706D105C2E5B00943965 /* libz.1.2.3.dylib */,
				D999F6E610690DD900773A0A /* MediaPlayer.framework */,
				D9E7085A107B7A68000C8DDD /* libsqlite3.0.dylib */,
				D9FE8AD210A313F70048ADCD /* QuartzCore.framework */,
				D9FE8AD810A3140C0048ADCD /* AddressBook.framework */,
				D9FE8ADE10A314240048ADCD /* CoreLocation.framework */,
				D9FE8AE410A3146C0048ADCD /* AudioToolbox.framework */,
				D9FE8AFA10A3153E0048ADCD /* MessageUI.framework */,
			);
			name = Southpark;
			sourceTree = "<group>";
		};
		29B97315FDCFA39411CA2CEA /* Other Sources */ = {
			isa = PBXGroup;
			children = (
				28A0AB4B0D9B1048005BE974 /* Southpark_Prefix.pch */,
				29B97316FDCFA39411CA2CEA /* main.m */,
			);
			name = "Other Sources";
			sourceTree = "<group>";
		};
		29B97317FDCFA39411CA2CEA /* Resources */ = {
			isa = PBXGroup;
			children = (
				D9FE8A6010A307940048ADCD /* libAdMobSimulator3_0.a */,
				D986A7FE109B1B0A00D44F7A /* ServerView.xib */,
				D921CE2F108CA79400B50FA1 /* CancelDownload.png */,
				D921CE30108CA79400B50FA1 /* StartDownload.png */,
				D90ABCD510834D9E00E2674D /* SQL.sqlite */,
				D9895720106BAD23001E5E92 /* Default.png */,
				D989571A106BAB6B001E5E92 /* Playnew.png */,
				D98956C6106BA0EB001E5E92 /* FilmView.xib */,
				282CCBFD0DB6C98000C4EA27 /* SecondView.xib */,
				28AD73870D9D96C1002E5188 /* MainWindow.xib */,
				8D1107310486CEB800E47090 /* Southpark-Info.plist */,
				D9E707D3107B7727000C8DDD /* DWCell.xib */,
			);
			name = Resources;
			sourceTree = "<group>";
		};
		29B97323FDCFA39411CA2CEA /* Frameworks */ = {
			isa = PBXGroup;
			children = (
				1DF5F4DF0D08C38300B7A737 /* UIKit.framework */,
				1D30AB110D05D00D00671497 /* Foundation.framework */,
				288765070DF74369002DB57D /* CoreGraphics.framework */,
			);
			name = Frameworks;
			sourceTree = "<group>";
		};
		D9222018105EDB0700A5A980 /* Helpers */ = {
			isa = PBXGroup;
			children = (
				D9895739106BB00E001E5E92 /* NSString+trim.h */,
				D989573A106BB00E001E5E92 /* NSString+trim.m */,
				D9222019105EDB0700A5A980 /* RSS.h */,
				D922201A105EDB0700A5A980 /* RSS.m */,
				D922201B105EDB0700A5A980 /* RSSDelegate.h */,
			);
			path = Helpers;
			sourceTree = "<group>";
		};
		D922201C105EDB0700A5A980 /* Models */ = {
			isa = PBXGroup;
			children = (
				D922201D105EDB0700A5A980 /* FlickrItem.h */,
				D922201E105EDB0700A5A980 /* FlickrItem.m */,
				D922201F105EDB0700A5A980 /* FlickrItemDelegate.h */,
				D9BE3C101067A35200191D80 /* SeasonItem.h */,
				D9BE3C111067A35200191D80 /* SeasonItem.m */,
				D9BE3C3A1067AAC200191D80 /* SeasonItemDelegate.h */,
			);
			path = Models;
			sourceTree = "<group>";
		};
		D9837029105C2C5400943965 /* Externals */ = {
			isa = PBXGroup;
			children = (
				D98957CA106BB94F001E5E92 /* JSON */,
				D983702A105C2C5400943965 /* ASIHTTPRequest */,
				D9837033105C2C5400943965 /* Reachability */,
			);
			path = Externals;
			sourceTree = "<group>";
		};
		D983702A105C2C5400943965 /* ASIHTTPRequest */ = {
			isa = PBXGroup;
			children = (
				D921CE61108CABA700B50FA1 /* ASIAuthenticationDialog.h */,
				D921CE62108CABA700B50FA1 /* ASIAuthenticationDialog.m */,
				D921CE63108CABA700B50FA1 /* ASIInputStream.h */,
				D921CE64108CABA700B50FA1 /* ASIInputStream.m */,
				D921CE65108CABA700B50FA1 /* ASIFormDataRequest.h */,
				D921CE66108CABA700B50FA1 /* ASIFormDataRequest.m */,
				D921CE67108CABA700B50FA1 /* ASIHTTPRequest.h */,
				D921CE68108CABA700B50FA1 /* ASIHTTPRequest.m */,
				D921CE69108CABA700B50FA1 /* ASINetworkQueue.h */,
				D921CE6A108CABA700B50FA1 /* ASINetworkQueue.m */,
				D921CE6B108CABA700B50FA1 /* ASINSStringAdditions.h */,
				D921CE6C108CABA700B50FA1 /* ASINSStringAdditions.m */,
			);
			path = ASIHTTPRequest;
			sourceTree = "<group>";
		};
		D9837033105C2C5400943965 /* Reachability */ = {
			isa = PBXGroup;
			children = (
				D9837034105C2C5400943965 /* Reachability.h */,
				D9837035105C2C5400943965 /* Reachability.m */,
			);
			path = Reachability;
			sourceTree = "<group>";
		};
		D983703B105C2C7F00943965 /* Controllers */ = {
			isa = PBXGroup;
			children = (
				D9E707F2107B79BD000C8DDD /* Coffee.h */,
				D9E707F3107B79BD000C8DDD /* Coffee.m */,
				D983703C105C2C7F00943965 /* FlickrCell.h */,
				D983703D105C2C7F00943965 /* FlickrCell.m */,
				D9BE3C161067A46200191D80 /* SeasonCell.h */,
				D9BE3C171067A46200191D80 /* SeasonCell.m */,
				D983703E105C2C7F00943965 /* FlickrCellDelegate.h */,
				D983703F105C2C7F00943965 /* FlickrController.h */,
				D9837040105C2C7F00943965 /* FlickrController.m */,
				D9BE3C191067A70F00191D80 /* SeasonsController.h */,
				D9BE3C1A1067A70F00191D80 /* SeasonsController.m */,
				D9BE3C271067A93800191D80 /* SeasonCellDelegate.h */,
				D98956C4106BA0EB001E5E92 /* FilmView.h */,
				D98956C5106BA0EB001E5E92 /* FilmView.m */,
				D96C69861076128900F5FFA6 /* DWCell.h */,
				D96C69871076128900F5FFA6 /* DWCell.m */,
				D9E707D7107B78A6000C8DDD /* DWTable.h */,
				D9E707D8107B78A6000C8DDD /* DWTable.m */,
				D9025FE31084BCD60045283D /* DwObjData.h */,
				D9025FE41084BCD60045283D /* DwObjData.m */,
			);
			path = Controllers;
			sourceTree = "<group>";
		};
		D986A7C1109B194600D44F7A /* HTTP */ = {
			isa = PBXGroup;
			children = (
				D986A7C2109B194600D44F7A /* HTTPServer.h */,
				D986A7C3109B194600D44F7A /* HTTPServer.m */,
				D986A7C4109B194600D44F7A /* HTTPResponse.h */,
				D986A7C5109B194600D44F7A /* HTTPResponse.m */,
				D986A7C6109B194600D44F7A /* HTTPConnection.h */,
				D986A7C7109B194600D44F7A /* HTTPConnection.m */,
				D986A7C8109B194600D44F7A /* HTTPAuthenticationRequest.h */,
				D986A7C9109B194600D44F7A /* HTTPAuthenticationRequest.m */,
			);
			name = HTTP;
			sourceTree = "<group>";
		};
		D986A7CA109B194600D44F7A /* TCP */ = {
			isa = PBXGroup;
			children = (
				D986A7CB109B194600D44F7A /* AsyncSocket.h */,
				D986A7CC109B194600D44F7A /* AsyncSocket.m */,
			);
			name = TCP;
			sourceTree = "<group>";
		};
		D986A7CD109B194600D44F7A /* Categories */ = {
			isa = PBXGroup;
			children = (
				D986A7CE109B194600D44F7A /* DDNumber.h */,
				D986A7CF109B194600D44F7A /* DDNumber.m */,
				D986A7D0109B194600D44F7A /* DDRange.h */,
				D986A7D1109B194600D44F7A /* DDRange.m */,
				D986A7D2109B194700D44F7A /* DDData.h */,
				D986A7D3109B194700D44F7A /* DDData.m */,
			);
			name = Categories;
			sourceTree = "<group>";
		};
		D986A7DC109B196200D44F7A /* Server */ = {
			isa = PBXGroup;
			children = (
				D986A824109B1CCD00D44F7A /* MyIP.h */,
				D986A825109B1CCD00D44F7A /* MyIP.m */,
				D986A7DD109B197200D44F7A /* localhostAddresses.h */,
				D986A7DE109B197200D44F7A /* localhostAddresses.m */,
				D986A7DF109B197200D44F7A /* MyHTTPConnection.h */,
				D986A7E0109B197200D44F7A /* MyHTTPConnection.m */,
			);
			name = Server;
			sourceTree = "<group>";
		};
		D98957CA106BB94F001E5E92 /* JSON */ = {
			isa = PBXGroup;
			children = (
				D98957CB106BB94F001E5E92 /* JSON.h */,
				D98957CC106BB94F001E5E92 /* NSObject+SBJSON.h */,
				D98957CD106BB94F001E5E92 /* NSObject+SBJSON.m */,
				D98957CE106BB94F001E5E92 /* NSString+SBJSON.h */,
				D98957CF106BB94F001E5E92 /* NSString+SBJSON.m */,
				D98957D0106BB94F001E5E92 /* SBJSON.h */,
				D98957D1106BB94F001E5E92 /* SBJSON.m */,
				D98957D2106BB94F001E5E92 /* SBJsonBase.h */,
				D98957D3106BB94F001E5E92 /* SBJsonBase.m */,
				D98957D4106BB94F001E5E92 /* SBJsonParser.h */,
				D98957D5106BB94F001E5E92 /* SBJsonParser.m */,
				D98957D6106BB94F001E5E92 /* SBJsonWriter.h */,
				D98957D7106BB94F001E5E92 /* SBJsonWriter.m */,
			);
			path = JSON;
			sourceTree = "<group>";
		};
		D999F6D410690CDF00773A0A /* Player */ = {
			isa = PBXGroup;
			children = (
				D999F6D810690D0000773A0A /* MyOverlayView.h */,
				D999F6D910690D0000773A0A /* MyOverlayView.m */,
				D999F6D510690CF700773A0A /* MyMovieViewController.h */,
				D999F6D610690CF700773A0A /* MyMovieViewController.m */,
			);
			name = Player;
			sourceTree = "<group>";
		};
		D9FE8A5810A307800048ADCD /* AdMob */ = {
			isa = PBXGroup;
			children = (
				D9FE8B0210A315E30048ADCD /* AdMobDelegateProtocol.h */,
				D9FE8AB710A313550048ADCD /* libAdMobDevice.a */,
				D9FE8AB810A313550048ADCD /* libAdMobSimulator.a */,
				D9FE8A5A10A307800048ADCD /* AdMobView.h */,
			);
			name = AdMob;
			sourceTree = "<group>";
		};
/* End PBXGroup section */

/* Begin PBXNativeTarget section */
		1D6058900D05DD3D006BFB54 /* Southpark */ = {
			isa = PBXNativeTarget;
			buildConfigurationList = 1D6058960D05DD3E006BFB54 /* Build configuration list for PBXNativeTarget "Southpark" */;
			buildPhases = (
				1D60588D0D05DD3D006BFB54 /* Resources */,
				1D60588E0D05DD3D006BFB54 /* Sources */,
				1D60588F0D05DD3D006BFB54 /* Frameworks */,
			);
			buildRules = (
			);
			dependencies = (
			);
			name = Southpark;
			productName = Southpark;
			productReference = 1D6058910D05DD3D006BFB54 /* Southpark.app */;
			productType = "com.apple.product-type.application";
		};
/* End PBXNativeTarget section */

/* Begin PBXProject section */
		29B97313FDCFA39411CA2CEA /* Project object */ = {
			isa = PBXProject;
			buildConfigurationList = C01FCF4E08A954540054247B /* Build configuration list for PBXProject "Southpark" */;
			compatibilityVersion = "Xcode 3.1";
			hasScannedForEncodings = 1;
			mainGroup = 29B97314FDCFA39411CA2CEA /* Southpark */;
			projectDirPath = "";
			projectRoot = "";
			targets = (
				1D6058900D05DD3D006BFB54 /* Southpark */,
			);
		};
/* End PBXProject section */

/* Begin PBXResourcesBuildPhase section */
		1D60588D0D05DD3D006BFB54 /* Resources */ = {
			isa = PBXResourcesBuildPhase;
			buildActionMask = 2147483647;
			files = (
				28AD73880D9D96C1002E5188 /* MainWindow.xib in Resources */,
				282CCBFE0DB6C98000C4EA27 /* SecondView.xib in Resources */,
				D98956C8106BA0EB001E5E92 /* FilmView.xib in Resources */,
				D989571B106BAB6B001E5E92 /* Playnew.png in Resources */,
				D9895721106BAD23001E5E92 /* Default.png in Resources */,
				D9E707D4107B7727000C8DDD /* DWCell.xib in Resources */,
				D90ABCD610834D9E00E2674D /* SQL.sqlite in Resources */,
				D921CE31108CA79400B50FA1 /* CancelDownload.png in Resources */,
				D921CE32108CA79400B50FA1 /* StartDownload.png in Resources */,
				D986A800109B1B0A00D44F7A /* ServerView.xib in Resources */,
			);
			runOnlyForDeploymentPostprocessing = 0;
		};
/* End PBXResourcesBuildPhase section */

/* Begin PBXSourcesBuildPhase section */
		1D60588E0D05DD3D006BFB54 /* Sources */ = {
			isa = PBXSourcesBuildPhase;
			buildActionMask = 2147483647;
			files = (
				1D60589B0D05DD56006BFB54 /* main.m in Sources */,
				1D3623260D0F684500981E51 /* SouthparkAppDelegate.m in Sources */,
				28216C970DB411BC00E5133A /* FirstViewController.m in Sources */,
				D983703A105C2C5400943965 /* Reachability.m in Sources */,
				D9837043105C2C7F00943965 /* FlickrCell.m in Sources */,
				D9837044105C2C7F00943965 /* FlickrController.m in Sources */,
				D9222020105EDB0700A5A980 /* RSS.m in Sources */,
				D9222021105EDB0700A5A980 /* FlickrItem.m in Sources */,
				D9BE3C121067A35200191D80 /* SeasonItem.m in Sources */,
				D9BE3C181067A46200191D80 /* SeasonCell.m in Sources */,
				D9BE3C1B1067A70F00191D80 /* SeasonsController.m in Sources */,
				D999F6D710690CF700773A0A /* MyMovieViewController.m in Sources */,
				D999F6DA10690D0000773A0A /* MyOverlayView.m in Sources */,
				D98956C7106BA0EB001E5E92 /* FilmView.m in Sources */,
				D989573B106BB00E001E5E92 /* NSString+trim.m in Sources */,
				D98957D8106BB94F001E5E92 /* NSObject+SBJSON.m in Sources */,
				D98957D9106BB94F001E5E92 /* NSString+SBJSON.m in Sources */,
				D98957DA106BB94F001E5E92 /* SBJSON.m in Sources */,
				D98957DB106BB94F001E5E92 /* SBJsonBase.m in Sources */,
				D98957DC106BB94F001E5E92 /* SBJsonParser.m in Sources */,
				D98957DD106BB94F001E5E92 /* SBJsonWriter.m in Sources */,
				D96C69881076128900F5FFA6 /* DWCell.m in Sources */,
				D9E707D9107B78A6000C8DDD /* DWTable.m in Sources */,
				D9E707F4107B79BD000C8DDD /* Coffee.m in Sources */,
				D9025FE51084BCD60045283D /* DwObjData.m in Sources */,
				D921CE6D108CABA700B50FA1 /* ASIAuthenticationDialog.m in Sources */,
				D921CE6E108CABA700B50FA1 /* ASIInputStream.m in Sources */,
				D921CE6F108CABA700B50FA1 /* ASIFormDataRequest.m in Sources */,
				D921CE70108CABA700B50FA1 /* ASIHTTPRequest.m in Sources */,
				D921CE71108CABA700B50FA1 /* ASINetworkQueue.m in Sources */,
				D921CE72108CABA700B50FA1 /* ASINSStringAdditions.m in Sources */,
				D986A7D4109B194700D44F7A /* HTTPServer.m in Sources */,
				D986A7D5109B194700D44F7A /* HTTPResponse.m in Sources */,
				D986A7D6109B194700D44F7A /* HTTPConnection.m in Sources */,
				D986A7D7109B194700D44F7A /* HTTPAuthenticationRequest.m in Sources */,
				D986A7D8109B194700D44F7A /* AsyncSocket.m in Sources */,
				D986A7D9109B194700D44F7A /* DDNumber.m in Sources */,
				D986A7DA109B194700D44F7A /* DDRange.m in Sources */,
				D986A7DB109B194700D44F7A /* DDData.m in Sources */,
				D986A7E1109B197200D44F7A /* localhostAddresses.m in Sources */,
				D986A7E2109B197200D44F7A /* MyHTTPConnection.m in Sources */,
				D986A7FF109B1B0A00D44F7A /* ServerView.m in Sources */,
				D986A826109B1CCD00D44F7A /* MyIP.m in Sources */,
			);
			runOnlyForDeploymentPostprocessing = 0;
		};
/* End PBXSourcesBuildPhase section */

/* Begin XCBuildConfiguration section */
		1D6058940D05DD3E006BFB54 /* Debug */ = {
			isa = XCBuildConfiguration;
			buildSettings = {
				ALWAYS_SEARCH_USER_PATHS = NO;
				COPY_PHASE_STRIP = NO;
				GCC_DYNAMIC_NO_PIC = NO;
				GCC_OPTIMIZATION_LEVEL = 0;
				GCC_PRECOMPILE_PREFIX_HEADER = YES;
				GCC_PREFIX_HEADER = Southpark_Prefix.pch;
				INFOPLIST_FILE = "Southpark-Info.plist";
				LIBRARY_SEARCH_PATHS = (
					"$(inherited)",
					"\"$(SRCROOT)/Classes\"",
				);
				PRODUCT_NAME = Southpark;
			};
			name = Debug;
		};
		1D6058950D05DD3E006BFB54 /* Release */ = {
			isa = XCBuildConfiguration;
			buildSettings = {
				ALWAYS_SEARCH_USER_PATHS = NO;
				COPY_PHASE_STRIP = YES;
				GCC_PRECOMPILE_PREFIX_HEADER = YES;
				GCC_PREFIX_HEADER = Southpark_Prefix.pch;
				INFOPLIST_FILE = "Southpark-Info.plist";
				LIBRARY_SEARCH_PATHS = (
					"$(inherited)",
					"\"$(SRCROOT)/Classes\"",
				);
				PRODUCT_NAME = Southpark;
			};
			name = Release;
		};
		C01FCF4F08A954540054247B /* Debug */ = {
			isa = XCBuildConfiguration;
			buildSettings = {
				ARCHS = "$(ARCHS_STANDARD_32_BIT)";
				"CODE_SIGN_IDENTITY[sdk=iphoneos*]" = "Don't Code Sign";
				GCC_C_LANGUAGE_STANDARD = c99;
				GCC_WARN_ABOUT_RETURN_TYPE = YES;
				GCC_WARN_UNUSED_VARIABLE = YES;
				PREBINDING = NO;
				"PROVISIONING_PROFILE[sdk=iphoneos*]" = "";
				SDKROOT = iphoneos3.0;
			};
			name = Debug;
		};
		C01FCF5008A954540054247B /* Release */ = {
			isa = XCBuildConfiguration;
			buildSettings = {
				ARCHS = "$(ARCHS_STANDARD_32_BIT)";
				"CODE_SIGN_IDENTITY[sdk=iphoneos*]" = Sasha;
				GCC_C_LANGUAGE_STANDARD = c99;
				GCC_WARN_ABOUT_RETURN_TYPE = YES;
				GCC_WARN_UNUSED_VARIABLE = YES;
				OTHER_LDFLAGS = "-lxml2";
				PREBINDING = NO;
				SDKROOT = iphoneos3.0;
			};
			name = Release;
		};
/* End XCBuildConfiguration section */

/* Begin XCConfigurationList section */
		1D6058960D05DD3E006BFB54 /* Build configuration list for PBXNativeTarget "Southpark" */ = {
			isa = XCConfigurationList;
			buildConfigurations = (
				1D6058940D05DD3E006BFB54 /* Debug */,
				1D6058950D05DD3E006BFB54 /* Release */,
			);
			defaultConfigurationIsVisible = 0;
			defaultConfigurationName = Release;
		};
		C01FCF4E08A954540054247B /* Build configuration list for PBXProject "Southpark" */ = {
			isa = XCConfigurationList;
			buildConfigurations = (
				C01FCF4F08A954540054247B /* Debug */,
				C01FCF5008A954540054247B /* Release */,
			);
			defaultConfigurationIsVisible = 0;
			defaultConfigurationName = Release;
		};
/* End XCConfigurationList section */
	};
	rootObject = 29B97313FDCFA39411CA2CEA /* Project object */;
}
