// !$*UTF8*$!
{
	archiveVersion = 1;
	classes = {
	};
	objectVersion = 45;
	objects = {

/* Begin PBXBuildFile section */
		1D3623260D0F684500981E51 /* SouthparkAppDelegate.m in Sources */ = {isa = PBXBuildFile; fileRef = 1D3623250D0F684500981E51 /* SouthparkAppDelegate.m */; };
		1D60589B0D05DD56006BFB54 /* main.m in Sources */ = {isa = PBXBuildFile; fileRef = 29B97316FDCFA39411CA2CEA /* main.m */; };
		1D60589F0D05DD5A006BFB54 /* Foundation.framework in Frameworks */ = {isa = PBXBuildFile; fileRef = 1D30AB110D05D00D00671497 /* Foundation.framework */; };
		1DF5F4E00D08C38300B7A737 /* UIKit.framework in Frameworks */ = {isa = PBXBuildFile; fileRef = 1DF5F4DF0D08C38300B7A737 /* UIKit.framework */; };
		28216C970DB411BC00E5133A /* FirstViewController.m in Sources */ = {isa = PBXBuildFile; fileRef = 28216C960DB411BC00E5133A /* FirstViewController.m */; };
		282CCBFE0DB6C98000C4EA27 /* SecondView.xib in Resources */ = {isa = PBXBuildFile; fileRef = 282CCBFD0DB6C98000C4EA27 /* SecondView.xib */; };
		288765080DF74369002DB57D /* CoreGraphics.framework in Frameworks */ = {isa = PBXBuildFile; fileRef = 288765070DF74369002DB57D /* CoreGraphics.framework */; };
		28AD73880D9D96C1002E5188 /* MainWindow.xib in Resources */ = {isa = PBXBuildFile; fileRef = 28AD73870D9D96C1002E5188 /* MainWindow.xib */; };
		D9222020105EDB0700A5A980 /* RSS.m in Sources */ = {isa = PBXBuildFile; fileRef = D922201A105EDB0700A5A980 /* RSS.m */; };
		D9222021105EDB0700A5A980 /* FlickrItem.m in Sources */ = {isa = PBXBuildFile; fileRef = D922201E105EDB0700A5A980 /* FlickrItem.m */; };
		D9837036105C2C5400943965 /* ASIFormDataRequest.m in Sources */ = {isa = PBXBuildFile; fileRef = D983702C105C2C5400943965 /* ASIFormDataRequest.m */; };
		D9837037105C2C5400943965 /* ASIHTTPRequest.m in Sources */ = {isa = PBXBuildFile; fileRef = D983702E105C2C5400943965 /* ASIHTTPRequest.m */; };
		D9837038105C2C5400943965 /* ASINetworkQueue.m in Sources */ = {isa = PBXBuildFile; fileRef = D9837030105C2C5400943965 /* ASINetworkQueue.m */; };
		D9837039105C2C5400943965 /* NSHTTPCookieAdditions.m in Sources */ = {isa = PBXBuildFile; fileRef = D9837032105C2C5400943965 /* NSHTTPCookieAdditions.m */; };
		D983703A105C2C5400943965 /* Reachability.m in Sources */ = {isa = PBXBuildFile; fileRef = D9837035105C2C5400943965 /* Reachability.m */; };
		D9837043105C2C7F00943965 /* FlickrCell.m in Sources */ = {isa = PBXBuildFile; fileRef = D983703D105C2C7F00943965 /* FlickrCell.m */; };
		D9837044105C2C7F00943965 /* FlickrController.m in Sources */ = {isa = PBXBuildFile; fileRef = D9837040105C2C7F00943965 /* FlickrController.m */; };
		D9837066105C2E3A00943965 /* CFNetwork.framework in Frameworks */ = {isa = PBXBuildFile; fileRef = D9837065105C2E3A00943965 /* CFNetwork.framework */; };
		D983706A105C2E4500943965 /* SystemConfiguration.framework in Frameworks */ = {isa = PBXBuildFile; fileRef = D9837069105C2E4500943965 /* SystemConfiguration.framework */; };
		D983706E105C2E5B00943965 /* libz.1.2.3.dylib in Frameworks */ = {isa = PBXBuildFile; fileRef = D983706D105C2E5B00943965 /* libz.1.2.3.dylib */; };
		D9BE3C121067A35200191D80 /* SeasonItem.m in Sources */ = {isa = PBXBuildFile; fileRef = D9BE3C111067A35200191D80 /* SeasonItem.m */; };
		D9BE3C181067A46200191D80 /* SeasonCell.m in Sources */ = {isa = PBXBuildFile; fileRef = D9BE3C171067A46200191D80 /* SeasonCell.m */; };
		D9BE3C1B1067A70F00191D80 /* SeasonsController.m in Sources */ = {isa = PBXBuildFile; fileRef = D9BE3C1A1067A70F00191D80 /* SeasonsController.m */; };
/* End PBXBuildFile section */

/* Begin PBXFileReference section */
		1D30AB110D05D00D00671497 /* Foundation.framework */ = {isa = PBXFileReference; lastKnownFileType = wrapper.framework; name = Foundation.framework; path = System/Library/Frameworks/Foundation.framework; sourceTree = SDKROOT; };
		1D3623240D0F684500981E51 /* SouthparkAppDelegate.h */ = {isa = PBXFileReference; fileEncoding = 4; lastKnownFileType = sourcecode.c.h; path = SouthparkAppDelegate.h; sourceTree = "<group>"; };
		1D3623250D0F684500981E51 /* SouthparkAppDelegate.m */ = {isa = PBXFileReference; fileEncoding = 4; lastKnownFileType = sourcecode.c.objc; path = SouthparkAppDelegate.m; sourceTree = "<group>"; };
		1D6058910D05DD3D006BFB54 /* Southpark.app */ = {isa = PBXFileReference; explicitFileType = wrapper.application; includeInIndex = 0; path = Southpark.app; sourceTree = BUILT_PRODUCTS_DIR; };
		1DF5F4DF0D08C38300B7A737 /* UIKit.framework */ = {isa = PBXFileReference; lastKnownFileType = wrapper.framework; name = UIKit.framework; path = System/Library/Frameworks/UIKit.framework; sourceTree = SDKROOT; };
		28216C950DB411BC00E5133A /* FirstViewController.h */ = {isa = PBXFileReference; fileEncoding = 4; lastKnownFileType = sourcecode.c.h; path = FirstViewController.h; sourceTree = "<group>"; };
		28216C960DB411BC00E5133A /* FirstViewController.m */ = {isa = PBXFileReference; fileEncoding = 4; lastKnownFileType = sourcecode.c.objc; path = FirstViewController.m; sourceTree = "<group>"; };
		282CCBFD0DB6C98000C4EA27 /* SecondView.xib */ = {isa = PBXFileReference; lastKnownFileType = file.xib; path = SecondView.xib; sourceTree = "<group>"; };
		288765070DF74369002DB57D /* CoreGraphics.framework */ = {isa = PBXFileReference; lastKnownFileType = wrapper.framework; name = CoreGraphics.framework; path = System/Library/Frameworks/CoreGraphics.framework; sourceTree = SDKROOT; };
		28A0AB4B0D9B1048005BE974 /* Southpark_Prefix.pch */ = {isa = PBXFileReference; fileEncoding = 4; lastKnownFileType = sourcecode.c.h; path = Southpark_Prefix.pch; sourceTree = "<group>"; };
		28AD73870D9D96C1002E5188 /* MainWindow.xib */ = {isa = PBXFileReference; lastKnownFileType = file.xib; path = MainWindow.xib; sourceTree = "<group>"; };
		29B97316FDCFA39411CA2CEA /* main.m */ = {isa = PBXFileReference; fileEncoding = 4; lastKnownFileType = sourcecode.c.objc; path = main.m; sourceTree = "<group>"; };
		8D1107310486CEB800E47090 /* Southpark-Info.plist */ = {isa = PBXFileReference; fileEncoding = 4; lastKnownFileType = text.plist.xml; path = "Southpark-Info.plist"; plistStructureDefinitionIdentifier = "com.apple.xcode.plist.structure-definition.iphone.info-plist"; sourceTree = "<group>"; };
		D9222019105EDB0700A5A980 /* RSS.h */ = {isa = PBXFileReference; fileEncoding = 4; lastKnownFileType = sourcecode.c.h; path = RSS.h; sourceTree = "<group>"; };
		D922201A105EDB0700A5A980 /* RSS.m */ = {isa = PBXFileReference; fileEncoding = 4; lastKnownFileType = sourcecode.c.objc; path = RSS.m; sourceTree = "<group>"; };
		D922201B105EDB0700A5A980 /* RSSDelegate.h */ = {isa = PBXFileReference; fileEncoding = 4; lastKnownFileType = sourcecode.c.h; path = RSSDelegate.h; sourceTree = "<group>"; };
		D922201D105EDB0700A5A980 /* FlickrItem.h */ = {isa = PBXFileReference; fileEncoding = 4; lastKnownFileType = sourcecode.c.h; path = FlickrItem.h; sourceTree = "<group>"; };
		D922201E105EDB0700A5A980 /* FlickrItem.m */ = {isa = PBXFileReference; fileEncoding = 4; lastKnownFileType = sourcecode.c.objc; path = FlickrItem.m; sourceTree = "<group>"; };
		D922201F105EDB0700A5A980 /* FlickrItemDelegate.h */ = {isa = PBXFileReference; fileEncoding = 4; lastKnownFileType = sourcecode.c.h; path = FlickrItemDelegate.h; sourceTree = "<group>"; };
		D983702B105C2C5400943965 /* ASIFormDataRequest.h */ = {isa = PBXFileReference; fileEncoding = 4; lastKnownFileType = sourcecode.c.h; path = ASIFormDataRequest.h; sourceTree = "<group>"; };
		D983702C105C2C5400943965 /* ASIFormDataRequest.m */ = {isa = PBXFileReference; fileEncoding = 4; lastKnownFileType = sourcecode.c.objc; path = ASIFormDataRequest.m; sourceTree = "<group>"; };
		D983702D105C2C5400943965 /* ASIHTTPRequest.h */ = {isa = PBXFileReference; fileEncoding = 4; lastKnownFileType = sourcecode.c.h; path = ASIHTTPRequest.h; sourceTree = "<group>"; };
		D983702E105C2C5400943965 /* ASIHTTPRequest.m */ = {isa = PBXFileReference; fileEncoding = 4; lastKnownFileType = sourcecode.c.objc; path = ASIHTTPRequest.m; sourceTree = "<group>"; };
		D983702F105C2C5400943965 /* ASINetworkQueue.h */ = {isa = PBXFileReference; fileEncoding = 4; lastKnownFileType = sourcecode.c.h; path = ASINetworkQueue.h; sourceTree = "<group>"; };
		D9837030105C2C5400943965 /* ASINetworkQueue.m */ = {isa = PBXFileReference; fileEncoding = 4; lastKnownFileType = sourcecode.c.objc; path = ASINetworkQueue.m; sourceTree = "<group>"; };
		D9837031105C2C5400943965 /* NSHTTPCookieAdditions.h */ = {isa = PBXFileReference; fileEncoding = 4; lastKnownFileType = sourcecode.c.h; path = NSHTTPCookieAdditions.h; sourceTree = "<group>"; };
		D9837032105C2C5400943965 /* NSHTTPCookieAdditions.m */ = {isa = PBXFileReference; fileEncoding = 4; lastKnownFileType = sourcecode.c.objc; path = NSHTTPCookieAdditions.m; sourceTree = "<group>"; };
		D9837034105C2C5400943965 /* Reachability.h */ = {isa = PBXFileReference; fileEncoding = 4; lastKnownFileType = sourcecode.c.h; path = Reachability.h; sourceTree = "<group>"; };
		D9837035105C2C5400943965 /* Reachability.m */ = {isa = PBXFileReference; fileEncoding = 4; lastKnownFileType = sourcecode.c.objc; path = Reachability.m; sourceTree = "<group>"; };
		D983703C105C2C7F00943965 /* FlickrCell.h */ = {isa = PBXFileReference; fileEncoding = 4; lastKnownFileType = sourcecode.c.h; path = FlickrCell.h; sourceTree = "<group>"; };
		D983703D105C2C7F00943965 /* FlickrCell.m */ = {isa = PBXFileReference; fileEncoding = 4; lastKnownFileType = sourcecode.c.objc; path = FlickrCell.m; sourceTree = "<group>"; };
		D983703E105C2C7F00943965 /* FlickrCellDelegate.h */ = {isa = PBXFileReference; fileEncoding = 4; lastKnownFileType = sourcecode.c.h; path = FlickrCellDelegate.h; sourceTree = "<group>"; };
		D983703F105C2C7F00943965 /* FlickrController.h */ = {isa = PBXFileReference; fileEncoding = 4; lastKnownFileType = sourcecode.c.h; path = FlickrController.h; sourceTree = "<group>"; };
		D9837040105C2C7F00943965 /* FlickrController.m */ = {isa = PBXFileReference; fileEncoding = 4; lastKnownFileType = sourcecode.c.objc; path = FlickrController.m; sourceTree = "<group>"; };
		D9837065105C2E3A00943965 /* CFNetwork.framework */ = {isa = PBXFileReference; lastKnownFileType = wrapper.framework; name = CFNetwork.framework; path = System/Library/Frameworks/CFNetwork.framework; sourceTree = SDKROOT; };
		D9837069105C2E4500943965 /* SystemConfiguration.framework */ = {isa = PBXFileReference; lastKnownFileType = wrapper.framework; name = SystemConfiguration.framework; path = System/Library/Frameworks/SystemConfiguration.framework; sourceTree = SDKROOT; };
		D983706D105C2E5B00943965 /* libz.1.2.3.dylib */ = {isa = PBXFileReference; lastKnownFileType = "compiled.mach-o.dylib"; name = libz.1.2.3.dylib; path = usr/lib/libz.1.2.3.dylib; sourceTree = SDKROOT; };
		D9BE3C101067A35200191D80 /* SeasonItem.h */ = {isa = PBXFileReference; fileEncoding = 4; lastKnownFileType = sourcecode.c.h; path = SeasonItem.h; sourceTree = "<group>"; };
		D9BE3C111067A35200191D80 /* SeasonItem.m */ = {isa = PBXFileReference; fileEncoding = 4; lastKnownFileType = sourcecode.c.objc; path = SeasonItem.m; sourceTree = "<group>"; };
		D9BE3C161067A46200191D80 /* SeasonCell.h */ = {isa = PBXFileReference; fileEncoding = 4; lastKnownFileType = sourcecode.c.h; path = SeasonCell.h; sourceTree = "<group>"; };
		D9BE3C171067A46200191D80 /* SeasonCell.m */ = {isa = PBXFileReference; fileEncoding = 4; lastKnownFileType = sourcecode.c.objc; path = SeasonCell.m; sourceTree = "<group>"; };
		D9BE3C191067A70F00191D80 /* SeasonsController.h */ = {isa = PBXFileReference; fileEncoding = 4; lastKnownFileType = sourcecode.c.h; path = SeasonsController.h; sourceTree = "<group>"; };
		D9BE3C1A1067A70F00191D80 /* SeasonsController.m */ = {isa = PBXFileReference; fileEncoding = 4; lastKnownFileType = sourcecode.c.objc; path = SeasonsController.m; sourceTree = "<group>"; };
		D9BE3C271067A93800191D80 /* SeasonCellDelegate.h */ = {isa = PBXFileReference; fileEncoding = 4; lastKnownFileType = sourcecode.c.h; path = SeasonCellDelegate.h; sourceTree = "<group>"; };
		D9BE3C3A1067AAC200191D80 /* SeasonItemDelegate.h */ = {isa = PBXFileReference; fileEncoding = 4; lastKnownFileType = sourcecode.c.h; path = SeasonItemDelegate.h; sourceTree = "<group>"; };
/* End PBXFileReference section */

/* Begin PBXFrameworksBuildPhase section */
		1D60588F0D05DD3D006BFB54 /* Frameworks */ = {
			isa = PBXFrameworksBuildPhase;
			buildActionMask = 2147483647;
			files = (
				1D60589F0D05DD5A006BFB54 /* Foundation.framework in Frameworks */,
				1DF5F4E00D08C38300B7A737 /* UIKit.framework in Frameworks */,
				288765080DF74369002DB57D /* CoreGraphics.framework in Frameworks */,
				D9837066105C2E3A00943965 /* CFNetwork.framework in Frameworks */,
				D983706A105C2E4500943965 /* SystemConfiguration.framework in Frameworks */,
				D983706E105C2E5B00943965 /* libz.1.2.3.dylib in Frameworks */,
			);
			runOnlyForDeploymentPostprocessing = 0;
		};
/* End PBXFrameworksBuildPhase section */

/* Begin PBXGroup section */
		080E96DDFE201D6D7F000001 /* Classes */ = {
			isa = PBXGroup;
			children = (
				D9222018105EDB0700A5A980 /* Helpers */,
				D922201C105EDB0700A5A980 /* Models */,
				D983703B105C2C7F00943965 /* Controllers */,
				D9837029105C2C5400943965 /* Externals */,
				28216C950DB411BC00E5133A /* FirstViewController.h */,
				28216C960DB411BC00E5133A /* FirstViewController.m */,
				1D3623240D0F684500981E51 /* SouthparkAppDelegate.h */,
				1D3623250D0F684500981E51 /* SouthparkAppDelegate.m */,
			);
			path = Classes;
			sourceTree = "<group>";
		};
		19C28FACFE9D520D11CA2CBB /* Products */ = {
			isa = PBXGroup;
			children = (
				1D6058910D05DD3D006BFB54 /* Southpark.app */,
			);
			name = Products;
			sourceTree = "<group>";
		};
		29B97314FDCFA39411CA2CEA /* Southpark */ = {
			isa = PBXGroup;
			children = (
				080E96DDFE201D6D7F000001 /* Classes */,
				29B97315FDCFA39411CA2CEA /* Other Sources */,
				29B97317FDCFA39411CA2CEA /* Resources */,
				29B97323FDCFA39411CA2CEA /* Frameworks */,
				19C28FACFE9D520D11CA2CBB /* Products */,
				D9837065105C2E3A00943965 /* CFNetwork.framework */,
				D9837069105C2E4500943965 /* SystemConfiguration.framework */,
				D983706D105C2E5B00943965 /* libz.1.2.3.dylib */,
			);
			name = Southpark;
			sourceTree = "<group>";
		};
		29B97315FDCFA39411CA2CEA /* Other Sources */ = {
			isa = PBXGroup;
			children = (
				28A0AB4B0D9B1048005BE974 /* Southpark_Prefix.pch */,
				29B97316FDCFA39411CA2CEA /* main.m */,
			);
			name = "Other Sources";
			sourceTree = "<group>";
		};
		29B97317FDCFA39411CA2CEA /* Resources */ = {
			isa = PBXGroup;
			children = (
				282CCBFD0DB6C98000C4EA27 /* SecondView.xib */,
				28AD73870D9D96C1002E5188 /* MainWindow.xib */,
				8D1107310486CEB800E47090 /* Southpark-Info.plist */,
			);
			name = Resources;
			sourceTree = "<group>";
		};
		29B97323FDCFA39411CA2CEA /* Frameworks */ = {
			isa = PBXGroup;
			children = (
				1DF5F4DF0D08C38300B7A737 /* UIKit.framework */,
				1D30AB110D05D00D00671497 /* Foundation.framework */,
				288765070DF74369002DB57D /* CoreGraphics.framework */,
			);
			name = Frameworks;
			sourceTree = "<group>";
		};
		D9222018105EDB0700A5A980 /* Helpers */ = {
			isa = PBXGroup;
			children = (
				D9222019105EDB0700A5A980 /* RSS.h */,
				D922201A105EDB0700A5A980 /* RSS.m */,
				D922201B105EDB0700A5A980 /* RSSDelegate.h */,
			);
			path = Helpers;
			sourceTree = "<group>";
		};
		D922201C105EDB0700A5A980 /* Models */ = {
			isa = PBXGroup;
			children = (
				D922201D105EDB0700A5A980 /* FlickrItem.h */,
				D922201E105EDB0700A5A980 /* FlickrItem.m */,
				D922201F105EDB0700A5A980 /* FlickrItemDelegate.h */,
				D9BE3C101067A35200191D80 /* SeasonItem.h */,
				D9BE3C111067A35200191D80 /* SeasonItem.m */,
				D9BE3C3A1067AAC200191D80 /* SeasonItemDelegate.h */,
			);
			path = Models;
			sourceTree = "<group>";
		};
		D9837029105C2C5400943965 /* Externals */ = {
			isa = PBXGroup;
			children = (
				D983702A105C2C5400943965 /* ASIHTTPRequest */,
				D9837033105C2C5400943965 /* Reachability */,
			);
			path = Externals;
			sourceTree = "<group>";
		};
		D983702A105C2C5400943965 /* ASIHTTPRequest */ = {
			isa = PBXGroup;
			children = (
				D983702B105C2C5400943965 /* ASIFormDataRequest.h */,
				D983702C105C2C5400943965 /* ASIFormDataRequest.m */,
				D983702D105C2C5400943965 /* ASIHTTPRequest.h */,
				D983702E105C2C5400943965 /* ASIHTTPRequest.m */,
				D983702F105C2C5400943965 /* ASINetworkQueue.h */,
				D9837030105C2C5400943965 /* ASINetworkQueue.m */,
				D9837031105C2C5400943965 /* NSHTTPCookieAdditions.h */,
				D9837032105C2C5400943965 /* NSHTTPCookieAdditions.m */,
			);
			path = ASIHTTPRequest;
			sourceTree = "<group>";
		};
		D9837033105C2C5400943965 /* Reachability */ = {
			isa = PBXGroup;
			children = (
				D9837034105C2C5400943965 /* Reachability.h */,
				D9837035105C2C5400943965 /* Reachability.m */,
			);
			path = Reachability;
			sourceTree = "<group>";
		};
		D983703B105C2C7F00943965 /* Controllers */ = {
			isa = PBXGroup;
			children = (
				D983703C105C2C7F00943965 /* FlickrCell.h */,
				D983703D105C2C7F00943965 /* FlickrCell.m */,
				D983703E105C2C7F00943965 /* FlickrCellDelegate.h */,
				D983703F105C2C7F00943965 /* FlickrController.h */,
				D9837040105C2C7F00943965 /* FlickrController.m */,
				D9BE3C161067A46200191D80 /* SeasonCell.h */,
				D9BE3C171067A46200191D80 /* SeasonCell.m */,
				D9BE3C191067A70F00191D80 /* SeasonsController.h */,
				D9BE3C1A1067A70F00191D80 /* SeasonsController.m */,
				D9BE3C271067A93800191D80 /* SeasonCellDelegate.h */,
			);
			path = Controllers;
			sourceTree = "<group>";
		};
/* End PBXGroup section */

/* Begin PBXNativeTarget section */
		1D6058900D05DD3D006BFB54 /* Southpark */ = {
			isa = PBXNativeTarget;
			buildConfigurationList = 1D6058960D05DD3E006BFB54 /* Build configuration list for PBXNativeTarget "Southpark" */;
			buildPhases = (
				1D60588D0D05DD3D006BFB54 /* Resources */,
				1D60588E0D05DD3D006BFB54 /* Sources */,
				1D60588F0D05DD3D006BFB54 /* Frameworks */,
			);
			buildRules = (
			);
			dependencies = (
			);
			name = Southpark;
			productName = Southpark;
			productReference = 1D6058910D05DD3D006BFB54 /* Southpark.app */;
			productType = "com.apple.product-type.application";
		};
/* End PBXNativeTarget section */

/* Begin PBXProject section */
		29B97313FDCFA39411CA2CEA /* Project object */ = {
			isa = PBXProject;
			buildConfigurationList = C01FCF4E08A954540054247B /* Build configuration list for PBXProject "Southpark" */;
			compatibilityVersion = "Xcode 3.1";
			hasScannedForEncodings = 1;
			mainGroup = 29B97314FDCFA39411CA2CEA /* Southpark */;
			projectDirPath = "";
			projectRoot = "";
			targets = (
				1D6058900D05DD3D006BFB54 /* Southpark */,
			);
		};
/* End PBXProject section */

/* Begin PBXResourcesBuildPhase section */
		1D60588D0D05DD3D006BFB54 /* Resources */ = {
			isa = PBXResourcesBuildPhase;
			buildActionMask = 2147483647;
			files = (
				28AD73880D9D96C1002E5188 /* MainWindow.xib in Resources */,
				282CCBFE0DB6C98000C4EA27 /* SecondView.xib in Resources */,
			);
			runOnlyForDeploymentPostprocessing = 0;
		};
/* End PBXResourcesBuildPhase section */

/* Begin PBXSourcesBuildPhase section */
		1D60588E0D05DD3D006BFB54 /* Sources */ = {
			isa = PBXSourcesBuildPhase;
			buildActionMask = 2147483647;
			files = (
				1D60589B0D05DD56006BFB54 /* main.m in Sources */,
				1D3623260D0F684500981E51 /* SouthparkAppDelegate.m in Sources */,
				28216C970DB411BC00E5133A /* FirstViewController.m in Sources */,
				D9837036105C2C5400943965 /* ASIFormDataRequest.m in Sources */,
				D9837037105C2C5400943965 /* ASIHTTPRequest.m in Sources */,
				D9837038105C2C5400943965 /* ASINetworkQueue.m in Sources */,
				D9837039105C2C5400943965 /* NSHTTPCookieAdditions.m in Sources */,
				D983703A105C2C5400943965 /* Reachability.m in Sources */,
				D9837043105C2C7F00943965 /* FlickrCell.m in Sources */,
				D9837044105C2C7F00943965 /* FlickrController.m in Sources */,
				D9222020105EDB0700A5A980 /* RSS.m in Sources */,
				D9222021105EDB0700A5A980 /* FlickrItem.m in Sources */,
				D9BE3C121067A35200191D80 /* SeasonItem.m in Sources */,
				D9BE3C181067A46200191D80 /* SeasonCell.m in Sources */,
				D9BE3C1B1067A70F00191D80 /* SeasonsController.m in Sources */,
			);
			runOnlyForDeploymentPostprocessing = 0;
		};
/* End PBXSourcesBuildPhase section */

/* Begin XCBuildConfiguration section */
		1D6058940D05DD3E006BFB54 /* Debug */ = {
			isa = XCBuildConfiguration;
			buildSettings = {
				ALWAYS_SEARCH_USER_PATHS = NO;
				COPY_PHASE_STRIP = NO;
				GCC_DYNAMIC_NO_PIC = NO;
				GCC_OPTIMIZATION_LEVEL = 0;
				GCC_PRECOMPILE_PREFIX_HEADER = YES;
				GCC_PREFIX_HEADER = Southpark_Prefix.pch;
				INFOPLIST_FILE = "Southpark-Info.plist";
				PRODUCT_NAME = Southpark;
			};
			name = Debug;
		};
		1D6058950D05DD3E006BFB54 /* Release */ = {
			isa = XCBuildConfiguration;
			buildSettings = {
				ALWAYS_SEARCH_USER_PATHS = NO;
				COPY_PHASE_STRIP = YES;
				GCC_PRECOMPILE_PREFIX_HEADER = YES;
				GCC_PREFIX_HEADER = Southpark_Prefix.pch;
				INFOPLIST_FILE = "Southpark-Info.plist";
				PRODUCT_NAME = Southpark;
			};
			name = Release;
		};
		C01FCF4F08A954540054247B /* Debug */ = {
			isa = XCBuildConfiguration;
			buildSettings = {
				ARCHS = "$(ARCHS_STANDARD_32_BIT)";
				"CODE_SIGN_IDENTITY[sdk=iphoneos*]" = "iPhone Developer";
				GCC_C_LANGUAGE_STANDARD = c99;
				GCC_WARN_ABOUT_RETURN_TYPE = YES;
				GCC_WARN_UNUSED_VARIABLE = YES;
				PREBINDING = NO;
				SDKROOT = iphoneos2.2.1;
			};
			name = Debug;
		};
		C01FCF5008A954540054247B /* Release */ = {
			isa = XCBuildConfiguration;
			buildSettings = {
				ARCHS = "$(ARCHS_STANDARD_32_BIT)";
				"CODE_SIGN_IDENTITY[sdk=iphoneos*]" = "iPhone Developer";
				GCC_C_LANGUAGE_STANDARD = c99;
				GCC_WARN_ABOUT_RETURN_TYPE = YES;
				GCC_WARN_UNUSED_VARIABLE = YES;
				PREBINDING = NO;
				SDKROOT = iphoneos2.2.1;
			};
			name = Release;
		};
/* End XCBuildConfiguration section */

/* Begin XCConfigurationList section */
		1D6058960D05DD3E006BFB54 /* Build configuration list for PBXNativeTarget "Southpark" */ = {
			isa = XCConfigurationList;
			buildConfigurations = (
				1D6058940D05DD3E006BFB54 /* Debug */,
				1D6058950D05DD3E006BFB54 /* Release */,
			);
			defaultConfigurationIsVisible = 0;
			defaultConfigurationName = Release;
		};
		C01FCF4E08A954540054247B /* Build configuration list for PBXProject "Southpark" */ = {
			isa = XCConfigurationList;
			buildConfigurations = (
				C01FCF4F08A954540054247B /* Debug */,
				C01FCF5008A954540054247B /* Release */,
			);
			defaultConfigurationIsVisible = 0;
			defaultConfigurationName = Release;
		};
/* End XCConfigurationList section */
	};
	rootObject = 29B97313FDCFA39411CA2CEA /* Project object */;
}
