// !$*UTF8*$!
{
	archiveVersion = 1;
	classes = {
	};
	objectVersion = 45;
	objects = {

/* Begin PBXBuildFile section */
		1D3623260D0F684500981E51 /* BashComicsAppDelegate.m in Sources */ = {isa = PBXBuildFile; fileRef = 1D3623250D0F684500981E51 /* BashComicsAppDelegate.m */; };
		1D60589B0D05DD56006BFB54 /* main.m in Sources */ = {isa = PBXBuildFile; fileRef = 29B97316FDCFA39411CA2CEA /* main.m */; };
		1D60589F0D05DD5A006BFB54 /* Foundation.framework in Frameworks */ = {isa = PBXBuildFile; fileRef = 1D30AB110D05D00D00671497 /* Foundation.framework */; };
		1DF5F4E00D08C38300B7A737 /* UIKit.framework in Frameworks */ = {isa = PBXBuildFile; fileRef = 1DF5F4DF0D08C38300B7A737 /* UIKit.framework */; };
		2892E4100DC94CBA00A64D0F /* CoreGraphics.framework in Frameworks */ = {isa = PBXBuildFile; fileRef = 2892E40F0DC94CBA00A64D0F /* CoreGraphics.framework */; };
		28AD73600D9D9599002E5188 /* MainWindow.xib in Resources */ = {isa = PBXBuildFile; fileRef = 28AD735F0D9D9599002E5188 /* MainWindow.xib */; };
		28C286E10D94DF7D0034E888 /* RootViewController.m in Sources */ = {isa = PBXBuildFile; fileRef = 28C286E00D94DF7D0034E888 /* RootViewController.m */; };
		28F335F11007B36200424DE2 /* RootViewController.xib in Resources */ = {isa = PBXBuildFile; fileRef = 28F335F01007B36200424DE2 /* RootViewController.xib */; };
		D924DF931124515800558812 /* BashCell.m in Sources */ = {isa = PBXBuildFile; fileRef = D924DF921124515800558812 /* BashCell.m */; };
		D9331055112C382700A7A662 /* Bash.sqlite in Resources */ = {isa = PBXBuildFile; fileRef = D9331054112C382700A7A662 /* Bash.sqlite */; };
		D966C55711259B16007F5D2D /* ViewController.m in Sources */ = {isa = PBXBuildFile; fileRef = D966C55511259B16007F5D2D /* ViewController.m */; };
		D966C55811259B16007F5D2D /* ViewController.xib in Resources */ = {isa = PBXBuildFile; fileRef = D966C55611259B16007F5D2D /* ViewController.xib */; };
		D9A52F19112738DD004EC1F3 /* TapDetectingImageView.m in Sources */ = {isa = PBXBuildFile; fileRef = D9A52F18112738DD004EC1F3 /* TapDetectingImageView.m */; };
		D9A52F1B11273A08004EC1F3 /* WeCanDoIt.png in Resources */ = {isa = PBXBuildFile; fileRef = D9A52F1A11273A08004EC1F3 /* WeCanDoIt.png */; };
		D9EAB9F8111F3FE20038D9F3 /* CFNetwork.framework in Frameworks */ = {isa = PBXBuildFile; fileRef = D9EAB9F7111F3FE20038D9F3 /* CFNetwork.framework */; };
		D9EAB9FC111F3FEE0038D9F3 /* SystemConfiguration.framework in Frameworks */ = {isa = PBXBuildFile; fileRef = D9EAB9FB111F3FEE0038D9F3 /* SystemConfiguration.framework */; };
		D9EABA00111F3FFE0038D9F3 /* libxml2.dylib in Frameworks */ = {isa = PBXBuildFile; fileRef = D9EAB9FF111F3FFE0038D9F3 /* libxml2.dylib */; };
		D9EABA02111F400E0038D9F3 /* libsqlite3.0.dylib in Frameworks */ = {isa = PBXBuildFile; fileRef = D9EABA01111F400E0038D9F3 /* libsqlite3.0.dylib */; };
		D9EABA04111F40190038D9F3 /* libz.1.2.3.dylib in Frameworks */ = {isa = PBXBuildFile; fileRef = D9EABA03111F40190038D9F3 /* libz.1.2.3.dylib */; };
		D9EABA1E111F40390038D9F3 /* XPathQuery.m in Sources */ = {isa = PBXBuildFile; fileRef = D9EABA07111F40390038D9F3 /* XPathQuery.m */; };
		D9EABA1F111F40390038D9F3 /* TFHpple.m in Sources */ = {isa = PBXBuildFile; fileRef = D9EABA0A111F40390038D9F3 /* TFHpple.m */; };
		D9EABA20111F40390038D9F3 /* TFHppleElement.m in Sources */ = {isa = PBXBuildFile; fileRef = D9EABA0C111F40390038D9F3 /* TFHppleElement.m */; };
		D9EABA21111F40390038D9F3 /* Reachability.m in Sources */ = {isa = PBXBuildFile; fileRef = D9EABA10111F40390038D9F3 /* Reachability.m */; };
		D9EABA22111F40390038D9F3 /* ASIAuthenticationDialog.m in Sources */ = {isa = PBXBuildFile; fileRef = D9EABA13111F40390038D9F3 /* ASIAuthenticationDialog.m */; };
		D9EABA23111F40390038D9F3 /* ASIInputStream.m in Sources */ = {isa = PBXBuildFile; fileRef = D9EABA15111F40390038D9F3 /* ASIInputStream.m */; };
		D9EABA24111F40390038D9F3 /* ASIFormDataRequest.m in Sources */ = {isa = PBXBuildFile; fileRef = D9EABA17111F40390038D9F3 /* ASIFormDataRequest.m */; };
		D9EABA25111F40390038D9F3 /* ASIHTTPRequest.m in Sources */ = {isa = PBXBuildFile; fileRef = D9EABA19111F40390038D9F3 /* ASIHTTPRequest.m */; };
		D9EABA26111F40390038D9F3 /* ASINetworkQueue.m in Sources */ = {isa = PBXBuildFile; fileRef = D9EABA1B111F40390038D9F3 /* ASINetworkQueue.m */; };
		D9EABA27111F40390038D9F3 /* ASINSStringAdditions.m in Sources */ = {isa = PBXBuildFile; fileRef = D9EABA1D111F40390038D9F3 /* ASINSStringAdditions.m */; };
		D9EABA2D111F40710038D9F3 /* Bash.m in Sources */ = {isa = PBXBuildFile; fileRef = D9EABA2C111F40710038D9F3 /* Bash.m */; };
		D9EABA49111F42860038D9F3 /* Parser.m in Sources */ = {isa = PBXBuildFile; fileRef = D9EABA48111F42860038D9F3 /* Parser.m */; };
		D9F97CAB11287B20000629FA /* FavView.m in Sources */ = {isa = PBXBuildFile; fileRef = D9F97CA911287B20000629FA /* FavView.m */; };
		D9F97CAC11287B20000629FA /* FavView.xib in Resources */ = {isa = PBXBuildFile; fileRef = D9F97CAA11287B20000629FA /* FavView.xib */; };
/* End PBXBuildFile section */

/* Begin PBXFileReference section */
		1D30AB110D05D00D00671497 /* Foundation.framework */ = {isa = PBXFileReference; lastKnownFileType = wrapper.framework; name = Foundation.framework; path = System/Library/Frameworks/Foundation.framework; sourceTree = SDKROOT; };
		1D3623240D0F684500981E51 /* BashComicsAppDelegate.h */ = {isa = PBXFileReference; fileEncoding = 4; lastKnownFileType = sourcecode.c.h; path = BashComicsAppDelegate.h; sourceTree = "<group>"; };
		1D3623250D0F684500981E51 /* BashComicsAppDelegate.m */ = {isa = PBXFileReference; fileEncoding = 4; lastKnownFileType = sourcecode.c.objc; path = BashComicsAppDelegate.m; sourceTree = "<group>"; };
		1D6058910D05DD3D006BFB54 /* BashComics.app */ = {isa = PBXFileReference; explicitFileType = wrapper.application; includeInIndex = 0; path = BashComics.app; sourceTree = BUILT_PRODUCTS_DIR; };
		1DF5F4DF0D08C38300B7A737 /* UIKit.framework */ = {isa = PBXFileReference; lastKnownFileType = wrapper.framework; name = UIKit.framework; path = System/Library/Frameworks/UIKit.framework; sourceTree = SDKROOT; };
		2892E40F0DC94CBA00A64D0F /* CoreGraphics.framework */ = {isa = PBXFileReference; lastKnownFileType = wrapper.framework; name = CoreGraphics.framework; path = System/Library/Frameworks/CoreGraphics.framework; sourceTree = SDKROOT; };
		28A0AAE50D9B0CCF005BE974 /* BashComics_Prefix.pch */ = {isa = PBXFileReference; fileEncoding = 4; lastKnownFileType = sourcecode.c.h; path = BashComics_Prefix.pch; sourceTree = "<group>"; };
		28AD735F0D9D9599002E5188 /* MainWindow.xib */ = {isa = PBXFileReference; lastKnownFileType = file.xib; path = MainWindow.xib; sourceTree = "<group>"; };
		28C286DF0D94DF7D0034E888 /* RootViewController.h */ = {isa = PBXFileReference; fileEncoding = 4; lastKnownFileType = sourcecode.c.h; path = RootViewController.h; sourceTree = "<group>"; };
		28C286E00D94DF7D0034E888 /* RootViewController.m */ = {isa = PBXFileReference; fileEncoding = 4; lastKnownFileType = sourcecode.c.objc; path = RootViewController.m; sourceTree = "<group>"; };
		28F335F01007B36200424DE2 /* RootViewController.xib */ = {isa = PBXFileReference; lastKnownFileType = file.xib; path = RootViewController.xib; sourceTree = "<group>"; };
		29B97316FDCFA39411CA2CEA /* main.m */ = {isa = PBXFileReference; fileEncoding = 4; lastKnownFileType = sourcecode.c.objc; path = main.m; sourceTree = "<group>"; };
		8D1107310486CEB800E47090 /* BashComics-Info.plist */ = {isa = PBXFileReference; fileEncoding = 4; lastKnownFileType = text.plist.xml; path = "BashComics-Info.plist"; plistStructureDefinitionIdentifier = "com.apple.xcode.plist.structure-definition.iphone.info-plist"; sourceTree = "<group>"; };
		D924DF7D11244E0700558812 /* BashDelegate.h */ = {isa = PBXFileReference; fileEncoding = 4; lastKnownFileType = sourcecode.c.h; path = BashDelegate.h; sourceTree = "<group>"; };
		D924DF911124515800558812 /* BashCell.h */ = {isa = PBXFileReference; fileEncoding = 4; lastKnownFileType = sourcecode.c.h; path = BashCell.h; sourceTree = "<group>"; };
		D924DF921124515800558812 /* BashCell.m */ = {isa = PBXFileReference; fileEncoding = 4; lastKnownFileType = sourcecode.c.objc; path = BashCell.m; sourceTree = "<group>"; };
		D924DF941124516E00558812 /* BashCellDelegate.h */ = {isa = PBXFileReference; fileEncoding = 4; lastKnownFileType = sourcecode.c.h; path = BashCellDelegate.h; sourceTree = "<group>"; };
		D9331054112C382700A7A662 /* Bash.sqlite */ = {isa = PBXFileReference; lastKnownFileType = file; path = Bash.sqlite; sourceTree = "<group>"; };
		D966C55411259B16007F5D2D /* ViewController.h */ = {isa = PBXFileReference; fileEncoding = 4; lastKnownFileType = sourcecode.c.h; path = ViewController.h; sourceTree = "<group>"; };
		D966C55511259B16007F5D2D /* ViewController.m */ = {isa = PBXFileReference; fileEncoding = 4; lastKnownFileType = sourcecode.c.objc; path = ViewController.m; sourceTree = "<group>"; };
		D966C55611259B16007F5D2D /* ViewController.xib */ = {isa = PBXFileReference; lastKnownFileType = file.xib; name = ViewController.xib; path = Classes/ViewController.xib; sourceTree = "<group>"; };
		D9A52F17112738DD004EC1F3 /* TapDetectingImageView.h */ = {isa = PBXFileReference; fileEncoding = 4; lastKnownFileType = sourcecode.c.h; path = TapDetectingImageView.h; sourceTree = "<group>"; };
		D9A52F18112738DD004EC1F3 /* TapDetectingImageView.m */ = {isa = PBXFileReference; fileEncoding = 4; lastKnownFileType = sourcecode.c.objc; path = TapDetectingImageView.m; sourceTree = "<group>"; };
		D9A52F1A11273A08004EC1F3 /* WeCanDoIt.png */ = {isa = PBXFileReference; lastKnownFileType = image.png; name = WeCanDoIt.png; path = ../../../../../Downloads/ScrollViewSuite/SharedResources/WholeImages/WeCanDoIt.png; sourceTree = SOURCE_ROOT; };
		D9EAB9F7111F3FE20038D9F3 /* CFNetwork.framework */ = {isa = PBXFileReference; lastKnownFileType = wrapper.framework; name = CFNetwork.framework; path = System/Library/Frameworks/CFNetwork.framework; sourceTree = SDKROOT; };
		D9EAB9FB111F3FEE0038D9F3 /* SystemConfiguration.framework */ = {isa = PBXFileReference; lastKnownFileType = wrapper.framework; name = SystemConfiguration.framework; path = System/Library/Frameworks/SystemConfiguration.framework; sourceTree = SDKROOT; };
		D9EAB9FF111F3FFE0038D9F3 /* libxml2.dylib */ = {isa = PBXFileReference; lastKnownFileType = "compiled.mach-o.dylib"; name = libxml2.dylib; path = usr/lib/libxml2.dylib; sourceTree = SDKROOT; };
		D9EABA01111F400E0038D9F3 /* libsqlite3.0.dylib */ = {isa = PBXFileReference; lastKnownFileType = "compiled.mach-o.dylib"; name = libsqlite3.0.dylib; path = usr/lib/libsqlite3.0.dylib; sourceTree = SDKROOT; };
		D9EABA03111F40190038D9F3 /* libz.1.2.3.dylib */ = {isa = PBXFileReference; lastKnownFileType = "compiled.mach-o.dylib"; name = libz.1.2.3.dylib; path = usr/lib/libz.1.2.3.dylib; sourceTree = SDKROOT; };
		D9EABA07111F40390038D9F3 /* XPathQuery.m */ = {isa = PBXFileReference; fileEncoding = 4; lastKnownFileType = sourcecode.c.objc; path = XPathQuery.m; sourceTree = "<group>"; };
		D9EABA08111F40390038D9F3 /* XPathQuery.h */ = {isa = PBXFileReference; fileEncoding = 4; lastKnownFileType = sourcecode.c.h; path = XPathQuery.h; sourceTree = "<group>"; };
		D9EABA09111F40390038D9F3 /* TFHpple.h */ = {isa = PBXFileReference; fileEncoding = 4; lastKnownFileType = sourcecode.c.h; path = TFHpple.h; sourceTree = "<group>"; };
		D9EABA0A111F40390038D9F3 /* TFHpple.m */ = {isa = PBXFileReference; fileEncoding = 4; lastKnownFileType = sourcecode.c.objc; path = TFHpple.m; sourceTree = "<group>"; };
		D9EABA0B111F40390038D9F3 /* TFHppleElement.h */ = {isa = PBXFileReference; fileEncoding = 4; lastKnownFileType = sourcecode.c.h; path = TFHppleElement.h; sourceTree = "<group>"; };
		D9EABA0C111F40390038D9F3 /* TFHppleElement.m */ = {isa = PBXFileReference; fileEncoding = 4; lastKnownFileType = sourcecode.c.objc; path = TFHppleElement.m; sourceTree = "<group>"; };
		D9EABA0F111F40390038D9F3 /* Reachability.h */ = {isa = PBXFileReference; fileEncoding = 4; lastKnownFileType = sourcecode.c.h; path = Reachability.h; sourceTree = "<group>"; };
		D9EABA10111F40390038D9F3 /* Reachability.m */ = {isa = PBXFileReference; fileEncoding = 4; lastKnownFileType = sourcecode.c.objc; path = Reachability.m; sourceTree = "<group>"; };
		D9EABA11111F40390038D9F3 /* ASIHTTPRequestConfig.h */ = {isa = PBXFileReference; fileEncoding = 4; lastKnownFileType = sourcecode.c.h; path = ASIHTTPRequestConfig.h; sourceTree = "<group>"; };
		D9EABA12111F40390038D9F3 /* ASIAuthenticationDialog.h */ = {isa = PBXFileReference; fileEncoding = 4; lastKnownFileType = sourcecode.c.h; path = ASIAuthenticationDialog.h; sourceTree = "<group>"; };
		D9EABA13111F40390038D9F3 /* ASIAuthenticationDialog.m */ = {isa = PBXFileReference; fileEncoding = 4; lastKnownFileType = sourcecode.c.objc; path = ASIAuthenticationDialog.m; sourceTree = "<group>"; };
		D9EABA14111F40390038D9F3 /* ASIInputStream.h */ = {isa = PBXFileReference; fileEncoding = 4; lastKnownFileType = sourcecode.c.h; path = ASIInputStream.h; sourceTree = "<group>"; };
		D9EABA15111F40390038D9F3 /* ASIInputStream.m */ = {isa = PBXFileReference; fileEncoding = 4; lastKnownFileType = sourcecode.c.objc; path = ASIInputStream.m; sourceTree = "<group>"; };
		D9EABA16111F40390038D9F3 /* ASIFormDataRequest.h */ = {isa = PBXFileReference; fileEncoding = 4; lastKnownFileType = sourcecode.c.h; path = ASIFormDataRequest.h; sourceTree = "<group>"; };
		D9EABA17111F40390038D9F3 /* ASIFormDataRequest.m */ = {isa = PBXFileReference; fileEncoding = 4; lastKnownFileType = sourcecode.c.objc; path = ASIFormDataRequest.m; sourceTree = "<group>"; };
		D9EABA18111F40390038D9F3 /* ASIHTTPRequest.h */ = {isa = PBXFileReference; fileEncoding = 4; lastKnownFileType = sourcecode.c.h; path = ASIHTTPRequest.h; sourceTree = "<group>"; };
		D9EABA19111F40390038D9F3 /* ASIHTTPRequest.m */ = {isa = PBXFileReference; fileEncoding = 4; lastKnownFileType = sourcecode.c.objc; path = ASIHTTPRequest.m; sourceTree = "<group>"; };
		D9EABA1A111F40390038D9F3 /* ASINetworkQueue.h */ = {isa = PBXFileReference; fileEncoding = 4; lastKnownFileType = sourcecode.c.h; path = ASINetworkQueue.h; sourceTree = "<group>"; };
		D9EABA1B111F40390038D9F3 /* ASINetworkQueue.m */ = {isa = PBXFileReference; fileEncoding = 4; lastKnownFileType = sourcecode.c.objc; path = ASINetworkQueue.m; sourceTree = "<group>"; };
		D9EABA1C111F40390038D9F3 /* ASINSStringAdditions.h */ = {isa = PBXFileReference; fileEncoding = 4; lastKnownFileType = sourcecode.c.h; path = ASINSStringAdditions.h; sourceTree = "<group>"; };
		D9EABA1D111F40390038D9F3 /* ASINSStringAdditions.m */ = {isa = PBXFileReference; fileEncoding = 4; lastKnownFileType = sourcecode.c.objc; path = ASINSStringAdditions.m; sourceTree = "<group>"; };
		D9EABA2B111F40710038D9F3 /* Bash.h */ = {isa = PBXFileReference; fileEncoding = 4; lastKnownFileType = sourcecode.c.h; path = Bash.h; sourceTree = "<group>"; };
		D9EABA2C111F40710038D9F3 /* Bash.m */ = {isa = PBXFileReference; fileEncoding = 4; lastKnownFileType = sourcecode.c.objc; path = Bash.m; sourceTree = "<group>"; };
		D9EABA47111F42860038D9F3 /* Parser.h */ = {isa = PBXFileReference; fileEncoding = 4; lastKnownFileType = sourcecode.c.h; path = Parser.h; sourceTree = "<group>"; };
		D9EABA48111F42860038D9F3 /* Parser.m */ = {isa = PBXFileReference; fileEncoding = 4; lastKnownFileType = sourcecode.c.objc; path = Parser.m; sourceTree = "<group>"; };
		D9EABA4A111F42C70038D9F3 /* ParserDelegate.h */ = {isa = PBXFileReference; fileEncoding = 4; lastKnownFileType = sourcecode.c.h; path = ParserDelegate.h; sourceTree = "<group>"; };
		D9F97CA811287B20000629FA /* FavView.h */ = {isa = PBXFileReference; fileEncoding = 4; lastKnownFileType = sourcecode.c.h; path = FavView.h; sourceTree = "<group>"; };
		D9F97CA911287B20000629FA /* FavView.m */ = {isa = PBXFileReference; fileEncoding = 4; lastKnownFileType = sourcecode.c.objc; path = FavView.m; sourceTree = "<group>"; };
		D9F97CAA11287B20000629FA /* FavView.xib */ = {isa = PBXFileReference; lastKnownFileType = file.xib; path = FavView.xib; sourceTree = "<group>"; };
/* End PBXFileReference section */

/* Begin PBXFrameworksBuildPhase section */
		1D60588F0D05DD3D006BFB54 /* Frameworks */ = {
			isa = PBXFrameworksBuildPhase;
			buildActionMask = 2147483647;
			files = (
				1D60589F0D05DD5A006BFB54 /* Foundation.framework in Frameworks */,
				1DF5F4E00D08C38300B7A737 /* UIKit.framework in Frameworks */,
				2892E4100DC94CBA00A64D0F /* CoreGraphics.framework in Frameworks */,
				D9EAB9F8111F3FE20038D9F3 /* CFNetwork.framework in Frameworks */,
				D9EAB9FC111F3FEE0038D9F3 /* SystemConfiguration.framework in Frameworks */,
				D9EABA00111F3FFE0038D9F3 /* libxml2.dylib in Frameworks */,
				D9EABA02111F400E0038D9F3 /* libsqlite3.0.dylib in Frameworks */,
				D9EABA04111F40190038D9F3 /* libz.1.2.3.dylib in Frameworks */,
			);
			runOnlyForDeploymentPostprocessing = 0;
		};
/* End PBXFrameworksBuildPhase section */

/* Begin PBXGroup section */
		080E96DDFE201D6D7F000001 /* Classes */ = {
			isa = PBXGroup;
			children = (
				D924DF901124513A00558812 /* Cell */,
				D9EABA2E111F41A80038D9F3 /* parse */,
				D9EABA2A111F40610038D9F3 /* SQL */,
				D9EABA0D111F40390038D9F3 /* asi */,
				D9EABA05111F40390038D9F3 /* Hpple */,
				28C286DF0D94DF7D0034E888 /* RootViewController.h */,
				28C286E00D94DF7D0034E888 /* RootViewController.m */,
				1D3623240D0F684500981E51 /* BashComicsAppDelegate.h */,
				1D3623250D0F684500981E51 /* BashComicsAppDelegate.m */,
				D966C55411259B16007F5D2D /* ViewController.h */,
				D966C55511259B16007F5D2D /* ViewController.m */,
				D9A52F17112738DD004EC1F3 /* TapDetectingImageView.h */,
				D9A52F18112738DD004EC1F3 /* TapDetectingImageView.m */,
				D9F97CA811287B20000629FA /* FavView.h */,
				D9F97CA911287B20000629FA /* FavView.m */,
				D9F97CAA11287B20000629FA /* FavView.xib */,
			);
			path = Classes;
			sourceTree = "<group>";
		};
		19C28FACFE9D520D11CA2CBB /* Products */ = {
			isa = PBXGroup;
			children = (
				1D6058910D05DD3D006BFB54 /* BashComics.app */,
			);
			name = Products;
			sourceTree = "<group>";
		};
		29B97314FDCFA39411CA2CEA /* CustomTemplate */ = {
			isa = PBXGroup;
			children = (
				080E96DDFE201D6D7F000001 /* Classes */,
				29B97315FDCFA39411CA2CEA /* Other Sources */,
				29B97317FDCFA39411CA2CEA /* Resources */,
				29B97323FDCFA39411CA2CEA /* Frameworks */,
				19C28FACFE9D520D11CA2CBB /* Products */,
				D9EAB9F7111F3FE20038D9F3 /* CFNetwork.framework */,
				D9EAB9FB111F3FEE0038D9F3 /* SystemConfiguration.framework */,
				D9EAB9FF111F3FFE0038D9F3 /* libxml2.dylib */,
				D9EABA01111F400E0038D9F3 /* libsqlite3.0.dylib */,
				D9EABA03111F40190038D9F3 /* libz.1.2.3.dylib */,
			);
			name = CustomTemplate;
			sourceTree = "<group>";
		};
		29B97315FDCFA39411CA2CEA /* Other Sources */ = {
			isa = PBXGroup;
			children = (
				28A0AAE50D9B0CCF005BE974 /* BashComics_Prefix.pch */,
				29B97316FDCFA39411CA2CEA /* main.m */,
			);
			name = "Other Sources";
			sourceTree = "<group>";
		};
		29B97317FDCFA39411CA2CEA /* Resources */ = {
			isa = PBXGroup;
			children = (
				D9331054112C382700A7A662 /* Bash.sqlite */,
				D966C55611259B16007F5D2D /* ViewController.xib */,
				D9A52F1A11273A08004EC1F3 /* WeCanDoIt.png */,
				28F335F01007B36200424DE2 /* RootViewController.xib */,
				28AD735F0D9D9599002E5188 /* MainWindow.xib */,
				8D1107310486CEB800E47090 /* BashComics-Info.plist */,
			);
			name = Resources;
			sourceTree = "<group>";
		};
		29B97323FDCFA39411CA2CEA /* Frameworks */ = {
			isa = PBXGroup;
			children = (
				1DF5F4DF0D08C38300B7A737 /* UIKit.framework */,
				1D30AB110D05D00D00671497 /* Foundation.framework */,
				2892E40F0DC94CBA00A64D0F /* CoreGraphics.framework */,
			);
			name = Frameworks;
			sourceTree = "<group>";
		};
		D924DF901124513A00558812 /* Cell */ = {
			isa = PBXGroup;
			children = (
				D924DF911124515800558812 /* BashCell.h */,
				D924DF921124515800558812 /* BashCell.m */,
				D924DF941124516E00558812 /* BashCellDelegate.h */,
			);
			name = Cell;
			sourceTree = "<group>";
		};
		D9EABA05111F40390038D9F3 /* Hpple */ = {
			isa = PBXGroup;
			children = (
				D9EABA09111F40390038D9F3 /* TFHpple.h */,
				D9EABA0A111F40390038D9F3 /* TFHpple.m */,
				D9EABA0B111F40390038D9F3 /* TFHppleElement.h */,
				D9EABA0C111F40390038D9F3 /* TFHppleElement.m */,
				D9EABA06111F40390038D9F3 /* XPath */,
			);
			name = Hpple;
			sourceTree = "<group>";
		};
		D9EABA06111F40390038D9F3 /* XPath */ = {
			isa = PBXGroup;
			children = (
				D9EABA07111F40390038D9F3 /* XPathQuery.m */,
				D9EABA08111F40390038D9F3 /* XPathQuery.h */,
			);
			name = XPath;
			sourceTree = "<group>";
		};
		D9EABA0D111F40390038D9F3 /* asi */ = {
			isa = PBXGroup;
			children = (
				D9EABA0E111F40390038D9F3 /* Reachability1.5 */,
				D9EABA11111F40390038D9F3 /* ASIHTTPRequestConfig.h */,
				D9EABA12111F40390038D9F3 /* ASIAuthenticationDialog.h */,
				D9EABA13111F40390038D9F3 /* ASIAuthenticationDialog.m */,
				D9EABA14111F40390038D9F3 /* ASIInputStream.h */,
				D9EABA15111F40390038D9F3 /* ASIInputStream.m */,
				D9EABA16111F40390038D9F3 /* ASIFormDataRequest.h */,
				D9EABA17111F40390038D9F3 /* ASIFormDataRequest.m */,
				D9EABA18111F40390038D9F3 /* ASIHTTPRequest.h */,
				D9EABA19111F40390038D9F3 /* ASIHTTPRequest.m */,
				D9EABA1A111F40390038D9F3 /* ASINetworkQueue.h */,
				D9EABA1B111F40390038D9F3 /* ASINetworkQueue.m */,
				D9EABA1C111F40390038D9F3 /* ASINSStringAdditions.h */,
				D9EABA1D111F40390038D9F3 /* ASINSStringAdditions.m */,
			);
			name = asi;
			sourceTree = "<group>";
		};
		D9EABA0E111F40390038D9F3 /* Reachability1.5 */ = {
			isa = PBXGroup;
			children = (
				D9EABA0F111F40390038D9F3 /* Reachability.h */,
				D9EABA10111F40390038D9F3 /* Reachability.m */,
			);
			path = Reachability1.5;
			sourceTree = "<group>";
		};
		D9EABA2A111F40610038D9F3 /* SQL */ = {
			isa = PBXGroup;
			children = (
				D9EABA2B111F40710038D9F3 /* Bash.h */,
				D9EABA2C111F40710038D9F3 /* Bash.m */,
				D924DF7D11244E0700558812 /* BashDelegate.h */,
			);
			name = SQL;
			sourceTree = "<group>";
		};
		D9EABA2E111F41A80038D9F3 /* parse */ = {
			isa = PBXGroup;
			children = (
				D9EABA47111F42860038D9F3 /* Parser.h */,
				D9EABA48111F42860038D9F3 /* Parser.m */,
				D9EABA4A111F42C70038D9F3 /* ParserDelegate.h */,
			);
			name = parse;
			sourceTree = "<group>";
		};
/* End PBXGroup section */

/* Begin PBXNativeTarget section */
		1D6058900D05DD3D006BFB54 /* BashComics */ = {
			isa = PBXNativeTarget;
			buildConfigurationList = 1D6058960D05DD3E006BFB54 /* Build configuration list for PBXNativeTarget "BashComics" */;
			buildPhases = (
				1D60588D0D05DD3D006BFB54 /* Resources */,
				1D60588E0D05DD3D006BFB54 /* Sources */,
				1D60588F0D05DD3D006BFB54 /* Frameworks */,
			);
			buildRules = (
			);
			dependencies = (
			);
			name = BashComics;
			productName = BashComics;
			productReference = 1D6058910D05DD3D006BFB54 /* BashComics.app */;
			productType = "com.apple.product-type.application";
		};
/* End PBXNativeTarget section */

/* Begin PBXProject section */
		29B97313FDCFA39411CA2CEA /* Project object */ = {
			isa = PBXProject;
			buildConfigurationList = C01FCF4E08A954540054247B /* Build configuration list for PBXProject "BashComics" */;
			compatibilityVersion = "Xcode 3.1";
			hasScannedForEncodings = 1;
			knownRegions = (
				English,
				Japanese,
				French,
				German,
				en,
			);
			mainGroup = 29B97314FDCFA39411CA2CEA /* CustomTemplate */;
			projectDirPath = "";
			projectRoot = "";
			targets = (
				1D6058900D05DD3D006BFB54 /* BashComics */,
			);
		};
/* End PBXProject section */

/* Begin PBXResourcesBuildPhase section */
		1D60588D0D05DD3D006BFB54 /* Resources */ = {
			isa = PBXResourcesBuildPhase;
			buildActionMask = 2147483647;
			files = (
				28AD73600D9D9599002E5188 /* MainWindow.xib in Resources */,
				28F335F11007B36200424DE2 /* RootViewController.xib in Resources */,
				D966C55811259B16007F5D2D /* ViewController.xib in Resources */,
				D9A52F1B11273A08004EC1F3 /* WeCanDoIt.png in Resources */,
				D9F97CAC11287B20000629FA /* FavView.xib in Resources */,
				D9331055112C382700A7A662 /* Bash.sqlite in Resources */,
			);
			runOnlyForDeploymentPostprocessing = 0;
		};
/* End PBXResourcesBuildPhase section */

/* Begin PBXSourcesBuildPhase section */
		1D60588E0D05DD3D006BFB54 /* Sources */ = {
			isa = PBXSourcesBuildPhase;
			buildActionMask = 2147483647;
			files = (
				1D60589B0D05DD56006BFB54 /* main.m in Sources */,
				1D3623260D0F684500981E51 /* BashComicsAppDelegate.m in Sources */,
				28C286E10D94DF7D0034E888 /* RootViewController.m in Sources */,
				D9EABA1E111F40390038D9F3 /* XPathQuery.m in Sources */,
				D9EABA1F111F40390038D9F3 /* TFHpple.m in Sources */,
				D9EABA20111F40390038D9F3 /* TFHppleElement.m in Sources */,
				D9EABA21111F40390038D9F3 /* Reachability.m in Sources */,
				D9EABA22111F40390038D9F3 /* ASIAuthenticationDialog.m in Sources */,
				D9EABA23111F40390038D9F3 /* ASIInputStream.m in Sources */,
				D9EABA24111F40390038D9F3 /* ASIFormDataRequest.m in Sources */,
				D9EABA25111F40390038D9F3 /* ASIHTTPRequest.m in Sources */,
				D9EABA26111F40390038D9F3 /* ASINetworkQueue.m in Sources */,
				D9EABA27111F40390038D9F3 /* ASINSStringAdditions.m in Sources */,
				D9EABA2D111F40710038D9F3 /* Bash.m in Sources */,
				D9EABA49111F42860038D9F3 /* Parser.m in Sources */,
				D924DF931124515800558812 /* BashCell.m in Sources */,
				D966C55711259B16007F5D2D /* ViewController.m in Sources */,
				D9A52F19112738DD004EC1F3 /* TapDetectingImageView.m in Sources */,
				D9F97CAB11287B20000629FA /* FavView.m in Sources */,
			);
			runOnlyForDeploymentPostprocessing = 0;
		};
/* End PBXSourcesBuildPhase section */

/* Begin XCBuildConfiguration section */
		1D6058940D05DD3E006BFB54 /* Debug */ = {
			isa = XCBuildConfiguration;
			buildSettings = {
				ALWAYS_SEARCH_USER_PATHS = NO;
				COPY_PHASE_STRIP = NO;
				GCC_DYNAMIC_NO_PIC = NO;
				GCC_OPTIMIZATION_LEVEL = 0;
				GCC_PRECOMPILE_PREFIX_HEADER = YES;
				GCC_PREFIX_HEADER = BashComics_Prefix.pch;
				INFOPLIST_FILE = "BashComics-Info.plist";
				PRODUCT_NAME = BashComics;
			};
			name = Debug;
		};
		1D6058950D05DD3E006BFB54 /* Release */ = {
			isa = XCBuildConfiguration;
			buildSettings = {
				ALWAYS_SEARCH_USER_PATHS = NO;
				COPY_PHASE_STRIP = YES;
				GCC_PRECOMPILE_PREFIX_HEADER = YES;
				GCC_PREFIX_HEADER = BashComics_Prefix.pch;
				INFOPLIST_FILE = "BashComics-Info.plist";
				PRODUCT_NAME = BashComics;
			};
			name = Release;
		};
		C01FCF4F08A954540054247B /* Debug */ = {
			isa = XCBuildConfiguration;
			buildSettings = {
				ARCHS = "$(ARCHS_STANDARD_32_BIT)";
				"CODE_SIGN_IDENTITY[sdk=iphoneos*]" = "iPhone Developer";
				GCC_C_LANGUAGE_STANDARD = c99;
				GCC_WARN_ABOUT_RETURN_TYPE = YES;
				GCC_WARN_UNUSED_VARIABLE = YES;
				HEADER_SEARCH_PATHS = "${SDKROOT}/usr/include/libxml2";
				OTHER_LDFLAGS = "-lxml2";
				PREBINDING = NO;
				SDKROOT = iphoneos3.0;
			};
			name = Debug;
		};
		C01FCF5008A954540054247B /* Release */ = {
			isa = XCBuildConfiguration;
			buildSettings = {
				ARCHS = "$(ARCHS_STANDARD_32_BIT)";
				"CODE_SIGN_IDENTITY[sdk=iphoneos*]" = "Sasha 1";
				GCC_C_LANGUAGE_STANDARD = c99;
				GCC_WARN_ABOUT_RETURN_TYPE = YES;
				GCC_WARN_UNUSED_VARIABLE = YES;
				HEADER_SEARCH_PATHS = "${SDKROOT}/usr/include/libxml2";
				PREBINDING = NO;
				SDKROOT = iphoneos3.0;
			};
			name = Release;
		};
/* End XCBuildConfiguration section */

/* Begin XCConfigurationList section */
		1D6058960D05DD3E006BFB54 /* Build configuration list for PBXNativeTarget "BashComics" */ = {
			isa = XCConfigurationList;
			buildConfigurations = (
				1D6058940D05DD3E006BFB54 /* Debug */,
				1D6058950D05DD3E006BFB54 /* Release */,
			);
			defaultConfigurationIsVisible = 0;
			defaultConfigurationName = Release;
		};
		C01FCF4E08A954540054247B /* Build configuration list for PBXProject "BashComics" */ = {
			isa = XCConfigurationList;
			buildConfigurations = (
				C01FCF4F08A954540054247B /* Debug */,
				C01FCF5008A954540054247B /* Release */,
			);
			defaultConfigurationIsVisible = 0;
			defaultConfigurationName = Release;
		};
/* End XCConfigurationList section */
	};
	rootObject = 29B97313FDCFA39411CA2CEA /* Project object */;
}
